// !$*UTF8*$!
{
	archiveVersion = 1;
	classes = {
	};
	objectVersion = 46;
	objects = {

/* Begin PBXBuildFile section */
		2E08D2401DB189CF00CB8D85 /* TransformsView.swift in Sources */ = {isa = PBXBuildFile; fileRef = 2E08D23F1DB189CF00CB8D85 /* TransformsView.swift */; };
		2E1295F01DAC4F38007C5512 /* EditorViewController.swift in Sources */ = {isa = PBXBuildFile; fileRef = 2E1295EF1DAC4F38007C5512 /* EditorViewController.swift */; };
		2E1295F21DAC4FCA007C5512 /* WindowController.swift in Sources */ = {isa = PBXBuildFile; fileRef = 2E1295F11DAC4FCA007C5512 /* WindowController.swift */; };
		2E255A241DA2D26A00364AFC /* dJSCore.swift in Sources */ = {isa = PBXBuildFile; fileRef = 2E255A231DA2D26A00364AFC /* dJSCore.swift */; };
		2E255A251DA2D26A00364AFC /* dJSCore.swift in Sources */ = {isa = PBXBuildFile; fileRef = 2E255A231DA2D26A00364AFC /* dJSCore.swift */; };
		2E255A261DA2D26A00364AFC /* dJSCore.swift in Sources */ = {isa = PBXBuildFile; fileRef = 2E255A231DA2D26A00364AFC /* dJSCore.swift */; };
		2E255A281DA2D36200364AFC /* dJSScript.swift in Sources */ = {isa = PBXBuildFile; fileRef = 2E255A271DA2D36200364AFC /* dJSScript.swift */; };
		2E255A291DA2D36200364AFC /* dJSScript.swift in Sources */ = {isa = PBXBuildFile; fileRef = 2E255A271DA2D36200364AFC /* dJSScript.swift */; };
		2E255A2A1DA2D36200364AFC /* dJSScript.swift in Sources */ = {isa = PBXBuildFile; fileRef = 2E255A271DA2D36200364AFC /* dJSScript.swift */; };
		2E2608D61DBABDBF00206D41 /* GameView.swift in Sources */ = {isa = PBXBuildFile; fileRef = 2E2608D51DBABDBF00206D41 /* GameView.swift */; };
		2E3520EA1DAC208200642255 /* AppDelegate.swift in Sources */ = {isa = PBXBuildFile; fileRef = 2E3520E91DAC208200642255 /* AppDelegate.swift */; };
		2E3520EC1DAC208200642255 /* EditorView.swift in Sources */ = {isa = PBXBuildFile; fileRef = 2E3520EB1DAC208200642255 /* EditorView.swift */; };
		2E3520EE1DAC208200642255 /* Assets.xcassets in Resources */ = {isa = PBXBuildFile; fileRef = 2E3520ED1DAC208200642255 /* Assets.xcassets */; };
		2E3520F11DAC208200642255 /* Main.storyboard in Resources */ = {isa = PBXBuildFile; fileRef = 2E3520EF1DAC208200642255 /* Main.storyboard */; };
		2E3520F61DAC4C1200642255 /* SwiftyJSON.swift in Sources */ = {isa = PBXBuildFile; fileRef = 2EFC3FEB1DA82C0800456988 /* SwiftyJSON.swift */; };
		2E3520F71DAC4C1500642255 /* dMath.swift in Sources */ = {isa = PBXBuildFile; fileRef = 2EEC08551D6B7AD400F1FF19 /* dMath.swift */; };
		2E3520F81DAC4C1500642255 /* dVector3D.swift in Sources */ = {isa = PBXBuildFile; fileRef = 2EFC3FC51DA4620700456988 /* dVector3D.swift */; };
		2E3520F91DAC4C1500642255 /* dSize2D.swift in Sources */ = {isa = PBXBuildFile; fileRef = 2EFC3FC91DA462D000456988 /* dSize2D.swift */; };
		2E3520FA1DAC4C1500642255 /* dSVector3D.swift in Sources */ = {isa = PBXBuildFile; fileRef = 2EFC3FD61DA5776500456988 /* dSVector3D.swift */; };
		2E3520FB1DAC4C1500642255 /* dSSize2D.swift in Sources */ = {isa = PBXBuildFile; fileRef = 2EFC3FD51DA5776500456988 /* dSSize2D.swift */; };
		2E3520FC1DAC4C1800642255 /* dBuffers.swift in Sources */ = {isa = PBXBuildFile; fileRef = 2EEC08441D6B7A9D00F1FF19 /* dBuffers.swift */; };
		2E3520FD1DAC4C1800642255 /* dTexture.swift in Sources */ = {isa = PBXBuildFile; fileRef = 2EEC08451D6B7A9D00F1FF19 /* dTexture.swift */; };
		2E3520FE1DAC4C1800642255 /* dTransform.swift in Sources */ = {isa = PBXBuildFile; fileRef = 2EEC08591D6B7ADE00F1FF19 /* dTransform.swift */; };
		2E3520FF1DAC4C1D00642255 /* dQuad.swift in Sources */ = {isa = PBXBuildFile; fileRef = 2E6CBD701D6F82FF0096C912 /* dQuad.swift */; };
		2E3521001DAC4C1D00642255 /* dSpriteQuad.swift in Sources */ = {isa = PBXBuildFile; fileRef = 2EC7F0AF1D75FDC50073315E /* dSpriteQuad.swift */; };
		2E3521011DAC4C2200642255 /* dBufferManager.swift in Sources */ = {isa = PBXBuildFile; fileRef = 2EEC084C1D6B7AA900F1FF19 /* dBufferManager.swift */; };
		2E3521021DAC4C2200642255 /* dTextureManager.swift in Sources */ = {isa = PBXBuildFile; fileRef = 2EEC084D1D6B7AA900F1FF19 /* dTextureManager.swift */; };
		2E3521031DAC4C2200642255 /* dTransformManager.swift in Sources */ = {isa = PBXBuildFile; fileRef = 2EEC085D1D6B7AE900F1FF19 /* dTransformManager.swift */; };
		2E3521041DAC4C2200642255 /* dMaterialManager.swift in Sources */ = {isa = PBXBuildFile; fileRef = 2E6CBD481D6CCC950096C912 /* dMaterialManager.swift */; };
		2E3521051DAC4C2200642255 /* dMeshManager.swift in Sources */ = {isa = PBXBuildFile; fileRef = 2E6CBD811D70C3DE0096C912 /* dMeshManager.swift */; };
		2E3521061DAC4C2200642255 /* dShaderManager.swift in Sources */ = {isa = PBXBuildFile; fileRef = 2E6CBD551D6E3EFE0096C912 /* dShaderManager.swift */; };
		2E3521071DAC4C2200642255 /* dSpriteManager.swift in Sources */ = {isa = PBXBuildFile; fileRef = 2ED7C7841D7A046E00E65237 /* dSpriteManager.swift */; };
		2E3521081DAC4C2200642255 /* dSceneManager.swift in Sources */ = {isa = PBXBuildFile; fileRef = 2EFC3FE61DA829D000456988 /* dSceneManager.swift */; };
		2E3521091DAC4C2600642255 /* DrakkenEngine.swift in Sources */ = {isa = PBXBuildFile; fileRef = 2E6CBD591D6E44190096C912 /* DrakkenEngine.swift */; };
		2E35210A1DAC4C2600642255 /* dCore.swift in Sources */ = {isa = PBXBuildFile; fileRef = 2EEC08321D6B7A4800F1FF19 /* dCore.swift */; };
		2E35210B1DAC4C2600642255 /* dJSCore.swift in Sources */ = {isa = PBXBuildFile; fileRef = 2E255A231DA2D26A00364AFC /* dJSCore.swift */; };
		2E35210C1DAC4C2600642255 /* dShader.swift in Sources */ = {isa = PBXBuildFile; fileRef = 2EEC08361D6B7A5A00F1FF19 /* dShader.swift */; };
		2E35210D1DAC4C2600642255 /* dRenderer.swift in Sources */ = {isa = PBXBuildFile; fileRef = 2EEC08371D6B7A5A00F1FF19 /* dRenderer.swift */; };
		2E35210E1DAC4C2600642255 /* dGameView.swift in Sources */ = {isa = PBXBuildFile; fileRef = 2EEC083E1D6B7A6A00F1FF19 /* dGameView.swift */; };
		2E35210F1DAC4C2900642255 /* dRendererFactory.swift in Sources */ = {isa = PBXBuildFile; fileRef = 2EEC087E1D6B7C4200F1FF19 /* dRendererFactory.swift */; };
		2E3521101DAC4C2C00642255 /* dComponent.swift in Sources */ = {isa = PBXBuildFile; fileRef = 2EB1C41D1D6BAEAF004285D2 /* dComponent.swift */; };
		2E3521111DAC4C2C00642255 /* dMaterial.swift in Sources */ = {isa = PBXBuildFile; fileRef = 2E6CBD4C1D6CF7E60096C912 /* dMaterial.swift */; };
		2E3521121DAC4C2C00642255 /* dMesh.swift in Sources */ = {isa = PBXBuildFile; fileRef = 2E61F66E1D70CE7900237241 /* dMesh.swift */; };
		2E3521131DAC4C2C00642255 /* dScene.swift in Sources */ = {isa = PBXBuildFile; fileRef = 2E6CBD781D70959A0096C912 /* dScene.swift */; };
		2E3521141DAC4C3100642255 /* dSimpleSceneRender.swift in Sources */ = {isa = PBXBuildFile; fileRef = 2E6CBD7D1D70A07F0096C912 /* dSimpleSceneRender.swift */; };
		2E3521151DAC4C3100642255 /* dSceneController.swift in Sources */ = {isa = PBXBuildFile; fileRef = 2ED7C7741D78868400E65237 /* dSceneController.swift */; };
		2E3521161DAC4C3400642255 /* dMeshRender.swift in Sources */ = {isa = PBXBuildFile; fileRef = 2E6CBD621D6F58F80096C912 /* dMeshRender.swift */; };
		2E3521171DAC4C3400642255 /* dSprite.swift in Sources */ = {isa = PBXBuildFile; fileRef = 2E6CBD6B1D6F78F70096C912 /* dSprite.swift */; };
		2E3521181DAC4C3500642255 /* dAnimation.swift in Sources */ = {isa = PBXBuildFile; fileRef = 2ED7C7781D78880100E65237 /* dAnimation.swift */; };
		2E3521191DAC4C3500642255 /* dAnimator.swift in Sources */ = {isa = PBXBuildFile; fileRef = 2ED7C77C1D78881500E65237 /* dAnimator.swift */; };
		2E35211A1DAC4C3500642255 /* dJSScript.swift in Sources */ = {isa = PBXBuildFile; fileRef = 2E255A271DA2D36200364AFC /* dJSScript.swift */; };
		2E35211B1DAC4C3B00642255 /* dDiffuseDef.swift in Sources */ = {isa = PBXBuildFile; fileRef = 2E6CBD511D6D241B0096C912 /* dDiffuseDef.swift */; };
		2E35211C1DAC4C3B00642255 /* DiffuseMaterial.metal in Sources */ = {isa = PBXBuildFile; fileRef = 2EEC08621D6B7B3B00F1FF19 /* DiffuseMaterial.metal */; };
		2E35211D1DAC4C3B00642255 /* SharedUniforms.swift in Sources */ = {isa = PBXBuildFile; fileRef = 2EEC08671D6B7B6B00F1FF19 /* SharedUniforms.swift */; };
		2E35211E1DAC4C3B00642255 /* dError.swift in Sources */ = {isa = PBXBuildFile; fileRef = 2EEC086C1D6B7B8B00F1FF19 /* dError.swift */; };
		2E4038C31DB6968900D0EF4B /* ProjectFolderView.swift in Sources */ = {isa = PBXBuildFile; fileRef = 2E4038C21DB6968900D0EF4B /* ProjectFolderView.swift */; };
		2E61F66F1D70CE7900237241 /* dMesh.swift in Sources */ = {isa = PBXBuildFile; fileRef = 2E61F66E1D70CE7900237241 /* dMesh.swift */; };
		2E61F6701D70CE7900237241 /* dMesh.swift in Sources */ = {isa = PBXBuildFile; fileRef = 2E61F66E1D70CE7900237241 /* dMesh.swift */; };
		2E61F6711D70CE7900237241 /* dMesh.swift in Sources */ = {isa = PBXBuildFile; fileRef = 2E61F66E1D70CE7900237241 /* dMesh.swift */; };
		2E6CBD491D6CCC950096C912 /* dMaterialManager.swift in Sources */ = {isa = PBXBuildFile; fileRef = 2E6CBD481D6CCC950096C912 /* dMaterialManager.swift */; };
		2E6CBD4A1D6CCC950096C912 /* dMaterialManager.swift in Sources */ = {isa = PBXBuildFile; fileRef = 2E6CBD481D6CCC950096C912 /* dMaterialManager.swift */; };
		2E6CBD4B1D6CCC950096C912 /* dMaterialManager.swift in Sources */ = {isa = PBXBuildFile; fileRef = 2E6CBD481D6CCC950096C912 /* dMaterialManager.swift */; };
		2E6CBD4D1D6CF7E60096C912 /* dMaterial.swift in Sources */ = {isa = PBXBuildFile; fileRef = 2E6CBD4C1D6CF7E60096C912 /* dMaterial.swift */; };
		2E6CBD4E1D6CF7E60096C912 /* dMaterial.swift in Sources */ = {isa = PBXBuildFile; fileRef = 2E6CBD4C1D6CF7E60096C912 /* dMaterial.swift */; };
		2E6CBD4F1D6CF7E60096C912 /* dMaterial.swift in Sources */ = {isa = PBXBuildFile; fileRef = 2E6CBD4C1D6CF7E60096C912 /* dMaterial.swift */; };
		2E6CBD521D6D241B0096C912 /* dDiffuseDef.swift in Sources */ = {isa = PBXBuildFile; fileRef = 2E6CBD511D6D241B0096C912 /* dDiffuseDef.swift */; };
		2E6CBD531D6D241B0096C912 /* dDiffuseDef.swift in Sources */ = {isa = PBXBuildFile; fileRef = 2E6CBD511D6D241B0096C912 /* dDiffuseDef.swift */; };
		2E6CBD541D6D241B0096C912 /* dDiffuseDef.swift in Sources */ = {isa = PBXBuildFile; fileRef = 2E6CBD511D6D241B0096C912 /* dDiffuseDef.swift */; };
		2E6CBD561D6E3EFE0096C912 /* dShaderManager.swift in Sources */ = {isa = PBXBuildFile; fileRef = 2E6CBD551D6E3EFE0096C912 /* dShaderManager.swift */; };
		2E6CBD571D6E3EFE0096C912 /* dShaderManager.swift in Sources */ = {isa = PBXBuildFile; fileRef = 2E6CBD551D6E3EFE0096C912 /* dShaderManager.swift */; };
		2E6CBD581D6E3EFE0096C912 /* dShaderManager.swift in Sources */ = {isa = PBXBuildFile; fileRef = 2E6CBD551D6E3EFE0096C912 /* dShaderManager.swift */; };
		2E6CBD5A1D6E44190096C912 /* DrakkenEngine.swift in Sources */ = {isa = PBXBuildFile; fileRef = 2E6CBD591D6E44190096C912 /* DrakkenEngine.swift */; };
		2E6CBD5B1D6E44190096C912 /* DrakkenEngine.swift in Sources */ = {isa = PBXBuildFile; fileRef = 2E6CBD591D6E44190096C912 /* DrakkenEngine.swift */; };
		2E6CBD5C1D6E44190096C912 /* DrakkenEngine.swift in Sources */ = {isa = PBXBuildFile; fileRef = 2E6CBD591D6E44190096C912 /* DrakkenEngine.swift */; };
		2E6CBD631D6F58F80096C912 /* dMeshRender.swift in Sources */ = {isa = PBXBuildFile; fileRef = 2E6CBD621D6F58F80096C912 /* dMeshRender.swift */; };
		2E6CBD641D6F58F80096C912 /* dMeshRender.swift in Sources */ = {isa = PBXBuildFile; fileRef = 2E6CBD621D6F58F80096C912 /* dMeshRender.swift */; };
		2E6CBD651D6F58F80096C912 /* dMeshRender.swift in Sources */ = {isa = PBXBuildFile; fileRef = 2E6CBD621D6F58F80096C912 /* dMeshRender.swift */; };
		2E6CBD6C1D6F78F70096C912 /* dSprite.swift in Sources */ = {isa = PBXBuildFile; fileRef = 2E6CBD6B1D6F78F70096C912 /* dSprite.swift */; };
		2E6CBD6D1D6F78F70096C912 /* dSprite.swift in Sources */ = {isa = PBXBuildFile; fileRef = 2E6CBD6B1D6F78F70096C912 /* dSprite.swift */; };
		2E6CBD6E1D6F78F70096C912 /* dSprite.swift in Sources */ = {isa = PBXBuildFile; fileRef = 2E6CBD6B1D6F78F70096C912 /* dSprite.swift */; };
		2E6CBD711D6F82FF0096C912 /* dQuad.swift in Sources */ = {isa = PBXBuildFile; fileRef = 2E6CBD701D6F82FF0096C912 /* dQuad.swift */; };
		2E6CBD721D6F82FF0096C912 /* dQuad.swift in Sources */ = {isa = PBXBuildFile; fileRef = 2E6CBD701D6F82FF0096C912 /* dQuad.swift */; };
		2E6CBD731D6F82FF0096C912 /* dQuad.swift in Sources */ = {isa = PBXBuildFile; fileRef = 2E6CBD701D6F82FF0096C912 /* dQuad.swift */; };
		2E6CBD791D70959A0096C912 /* dScene.swift in Sources */ = {isa = PBXBuildFile; fileRef = 2E6CBD781D70959A0096C912 /* dScene.swift */; };
		2E6CBD7A1D70959A0096C912 /* dScene.swift in Sources */ = {isa = PBXBuildFile; fileRef = 2E6CBD781D70959A0096C912 /* dScene.swift */; };
		2E6CBD7B1D70959A0096C912 /* dScene.swift in Sources */ = {isa = PBXBuildFile; fileRef = 2E6CBD781D70959A0096C912 /* dScene.swift */; };
		2E6CBD7E1D70A07F0096C912 /* dSimpleSceneRender.swift in Sources */ = {isa = PBXBuildFile; fileRef = 2E6CBD7D1D70A07F0096C912 /* dSimpleSceneRender.swift */; };
		2E6CBD7F1D70A07F0096C912 /* dSimpleSceneRender.swift in Sources */ = {isa = PBXBuildFile; fileRef = 2E6CBD7D1D70A07F0096C912 /* dSimpleSceneRender.swift */; };
		2E6CBD801D70A07F0096C912 /* dSimpleSceneRender.swift in Sources */ = {isa = PBXBuildFile; fileRef = 2E6CBD7D1D70A07F0096C912 /* dSimpleSceneRender.swift */; };
		2E6CBD821D70C3DE0096C912 /* dMeshManager.swift in Sources */ = {isa = PBXBuildFile; fileRef = 2E6CBD811D70C3DE0096C912 /* dMeshManager.swift */; };
		2E6CBD831D70C3DE0096C912 /* dMeshManager.swift in Sources */ = {isa = PBXBuildFile; fileRef = 2E6CBD811D70C3DE0096C912 /* dMeshManager.swift */; };
		2E6CBD841D70C3DE0096C912 /* dMeshManager.swift in Sources */ = {isa = PBXBuildFile; fileRef = 2E6CBD811D70C3DE0096C912 /* dMeshManager.swift */; };
		2E7CAB261DBE8B0D005219BC /* IJSScriptCell.swift in Sources */ = {isa = PBXBuildFile; fileRef = 2E7CAB251DBE8B0D005219BC /* IJSScriptCell.swift */; };
		2E7CAB281DBE8E94005219BC /* ISpriteCell.swift in Sources */ = {isa = PBXBuildFile; fileRef = 2E7CAB271DBE8E94005219BC /* ISpriteCell.swift */; };
		2E7CAB2A1DBE944C005219BC /* IMeshRenderCell.swift in Sources */ = {isa = PBXBuildFile; fileRef = 2E7CAB291DBE944C005219BC /* IMeshRenderCell.swift */; };
		2E7CAB2C1DBFF759005219BC /* dDebug.swift in Sources */ = {isa = PBXBuildFile; fileRef = 2E7CAB2B1DBFF759005219BC /* dDebug.swift */; };
		2E7CAB2D1DBFF759005219BC /* dDebug.swift in Sources */ = {isa = PBXBuildFile; fileRef = 2E7CAB2B1DBFF759005219BC /* dDebug.swift */; };
		2E7CAB2E1DBFF759005219BC /* dDebug.swift in Sources */ = {isa = PBXBuildFile; fileRef = 2E7CAB2B1DBFF759005219BC /* dDebug.swift */; };
		2E7CAB2F1DBFFAB1005219BC /* dDebug.swift in Sources */ = {isa = PBXBuildFile; fileRef = 2E7CAB2B1DBFF759005219BC /* dDebug.swift */; };
		2EA533911DB7DF250088EE66 /* Serializable.swift in Sources */ = {isa = PBXBuildFile; fileRef = 2EA533901DB7DF250088EE66 /* Serializable.swift */; };
		2EA533921DB7DF250088EE66 /* Serializable.swift in Sources */ = {isa = PBXBuildFile; fileRef = 2EA533901DB7DF250088EE66 /* Serializable.swift */; };
		2EA533931DB7DF250088EE66 /* Serializable.swift in Sources */ = {isa = PBXBuildFile; fileRef = 2EA533901DB7DF250088EE66 /* Serializable.swift */; };
		2EA533941DB7DF250088EE66 /* Serializable.swift in Sources */ = {isa = PBXBuildFile; fileRef = 2EA533901DB7DF250088EE66 /* Serializable.swift */; };
		2EB1C41E1D6BAEAF004285D2 /* dComponent.swift in Sources */ = {isa = PBXBuildFile; fileRef = 2EB1C41D1D6BAEAF004285D2 /* dComponent.swift */; };
		2EB1C41F1D6BAEAF004285D2 /* dComponent.swift in Sources */ = {isa = PBXBuildFile; fileRef = 2EB1C41D1D6BAEAF004285D2 /* dComponent.swift */; };
		2EB1C4201D6BAEAF004285D2 /* dComponent.swift in Sources */ = {isa = PBXBuildFile; fileRef = 2EB1C41D1D6BAEAF004285D2 /* dComponent.swift */; };
		2EC7F0B01D75FDC50073315E /* dSpriteQuad.swift in Sources */ = {isa = PBXBuildFile; fileRef = 2EC7F0AF1D75FDC50073315E /* dSpriteQuad.swift */; };
		2EC7F0B11D75FDC50073315E /* dSpriteQuad.swift in Sources */ = {isa = PBXBuildFile; fileRef = 2EC7F0AF1D75FDC50073315E /* dSpriteQuad.swift */; };
		2EC7F0B21D75FDC50073315E /* dSpriteQuad.swift in Sources */ = {isa = PBXBuildFile; fileRef = 2EC7F0AF1D75FDC50073315E /* dSpriteQuad.swift */; };
		2ECE5A681DB9498D00CC8EDA /* InspectorView.swift in Sources */ = {isa = PBXBuildFile; fileRef = 2ECE5A671DB9498D00CC8EDA /* InspectorView.swift */; };
		2ECE5A6A1DB94A0400CC8EDA /* ConsoleView.swift in Sources */ = {isa = PBXBuildFile; fileRef = 2ECE5A691DB94A0400CC8EDA /* ConsoleView.swift */; };
		2ECE5A6C1DB96CE200CC8EDA /* ITransformCell.swift in Sources */ = {isa = PBXBuildFile; fileRef = 2ECE5A6B1DB96CE200CC8EDA /* ITransformCell.swift */; };
		2ED7C7751D78868400E65237 /* dSceneController.swift in Sources */ = {isa = PBXBuildFile; fileRef = 2ED7C7741D78868400E65237 /* dSceneController.swift */; };
		2ED7C7761D78868400E65237 /* dSceneController.swift in Sources */ = {isa = PBXBuildFile; fileRef = 2ED7C7741D78868400E65237 /* dSceneController.swift */; };
		2ED7C7771D78868400E65237 /* dSceneController.swift in Sources */ = {isa = PBXBuildFile; fileRef = 2ED7C7741D78868400E65237 /* dSceneController.swift */; };
		2ED7C7791D78880100E65237 /* dAnimation.swift in Sources */ = {isa = PBXBuildFile; fileRef = 2ED7C7781D78880100E65237 /* dAnimation.swift */; };
		2ED7C77A1D78880100E65237 /* dAnimation.swift in Sources */ = {isa = PBXBuildFile; fileRef = 2ED7C7781D78880100E65237 /* dAnimation.swift */; };
		2ED7C77B1D78880100E65237 /* dAnimation.swift in Sources */ = {isa = PBXBuildFile; fileRef = 2ED7C7781D78880100E65237 /* dAnimation.swift */; };
		2ED7C77D1D78881500E65237 /* dAnimator.swift in Sources */ = {isa = PBXBuildFile; fileRef = 2ED7C77C1D78881500E65237 /* dAnimator.swift */; };
		2ED7C77E1D78881500E65237 /* dAnimator.swift in Sources */ = {isa = PBXBuildFile; fileRef = 2ED7C77C1D78881500E65237 /* dAnimator.swift */; };
		2ED7C77F1D78881500E65237 /* dAnimator.swift in Sources */ = {isa = PBXBuildFile; fileRef = 2ED7C77C1D78881500E65237 /* dAnimator.swift */; };
		2ED7C7851D7A046E00E65237 /* dSpriteManager.swift in Sources */ = {isa = PBXBuildFile; fileRef = 2ED7C7841D7A046E00E65237 /* dSpriteManager.swift */; };
		2ED7C7861D7A046E00E65237 /* dSpriteManager.swift in Sources */ = {isa = PBXBuildFile; fileRef = 2ED7C7841D7A046E00E65237 /* dSpriteManager.swift */; };
		2ED7C7871D7A046E00E65237 /* dSpriteManager.swift in Sources */ = {isa = PBXBuildFile; fileRef = 2ED7C7841D7A046E00E65237 /* dSpriteManager.swift */; };
		2EEC08131D6B79DE00F1FF19 /* DrakkenEngine_macOS.h in Headers */ = {isa = PBXBuildFile; fileRef = 2EEC08111D6B79DE00F1FF19 /* DrakkenEngine_macOS.h */; settings = {ATTRIBUTES = (Public, ); }; };
		2EEC08201D6B79EC00F1FF19 /* DrakkenEngine_tvOS.h in Headers */ = {isa = PBXBuildFile; fileRef = 2EEC081E1D6B79EC00F1FF19 /* DrakkenEngine_tvOS.h */; settings = {ATTRIBUTES = (Public, ); }; };
		2EEC082D1D6B79FB00F1FF19 /* DrakkenEngine_iOS.h in Headers */ = {isa = PBXBuildFile; fileRef = 2EEC082B1D6B79FB00F1FF19 /* DrakkenEngine_iOS.h */; settings = {ATTRIBUTES = (Public, ); }; };
		2EEC08331D6B7A4800F1FF19 /* dCore.swift in Sources */ = {isa = PBXBuildFile; fileRef = 2EEC08321D6B7A4800F1FF19 /* dCore.swift */; };
		2EEC08341D6B7A4800F1FF19 /* dCore.swift in Sources */ = {isa = PBXBuildFile; fileRef = 2EEC08321D6B7A4800F1FF19 /* dCore.swift */; };
		2EEC08351D6B7A4800F1FF19 /* dCore.swift in Sources */ = {isa = PBXBuildFile; fileRef = 2EEC08321D6B7A4800F1FF19 /* dCore.swift */; };
		2EEC08381D6B7A5A00F1FF19 /* dShader.swift in Sources */ = {isa = PBXBuildFile; fileRef = 2EEC08361D6B7A5A00F1FF19 /* dShader.swift */; };
		2EEC08391D6B7A5A00F1FF19 /* dShader.swift in Sources */ = {isa = PBXBuildFile; fileRef = 2EEC08361D6B7A5A00F1FF19 /* dShader.swift */; };
		2EEC083A1D6B7A5A00F1FF19 /* dShader.swift in Sources */ = {isa = PBXBuildFile; fileRef = 2EEC08361D6B7A5A00F1FF19 /* dShader.swift */; };
		2EEC083B1D6B7A5A00F1FF19 /* dRenderer.swift in Sources */ = {isa = PBXBuildFile; fileRef = 2EEC08371D6B7A5A00F1FF19 /* dRenderer.swift */; };
		2EEC083C1D6B7A5A00F1FF19 /* dRenderer.swift in Sources */ = {isa = PBXBuildFile; fileRef = 2EEC08371D6B7A5A00F1FF19 /* dRenderer.swift */; };
		2EEC083D1D6B7A5A00F1FF19 /* dRenderer.swift in Sources */ = {isa = PBXBuildFile; fileRef = 2EEC08371D6B7A5A00F1FF19 /* dRenderer.swift */; };
		2EEC083F1D6B7A6A00F1FF19 /* dGameView.swift in Sources */ = {isa = PBXBuildFile; fileRef = 2EEC083E1D6B7A6A00F1FF19 /* dGameView.swift */; };
		2EEC08401D6B7A6A00F1FF19 /* dGameView.swift in Sources */ = {isa = PBXBuildFile; fileRef = 2EEC083E1D6B7A6A00F1FF19 /* dGameView.swift */; };
		2EEC08411D6B7A6A00F1FF19 /* dGameView.swift in Sources */ = {isa = PBXBuildFile; fileRef = 2EEC083E1D6B7A6A00F1FF19 /* dGameView.swift */; };
		2EEC08461D6B7A9D00F1FF19 /* dBuffers.swift in Sources */ = {isa = PBXBuildFile; fileRef = 2EEC08441D6B7A9D00F1FF19 /* dBuffers.swift */; };
		2EEC08471D6B7A9D00F1FF19 /* dBuffers.swift in Sources */ = {isa = PBXBuildFile; fileRef = 2EEC08441D6B7A9D00F1FF19 /* dBuffers.swift */; };
		2EEC08481D6B7A9D00F1FF19 /* dBuffers.swift in Sources */ = {isa = PBXBuildFile; fileRef = 2EEC08441D6B7A9D00F1FF19 /* dBuffers.swift */; };
		2EEC08491D6B7A9D00F1FF19 /* dTexture.swift in Sources */ = {isa = PBXBuildFile; fileRef = 2EEC08451D6B7A9D00F1FF19 /* dTexture.swift */; };
		2EEC084A1D6B7A9D00F1FF19 /* dTexture.swift in Sources */ = {isa = PBXBuildFile; fileRef = 2EEC08451D6B7A9D00F1FF19 /* dTexture.swift */; };
		2EEC084B1D6B7A9D00F1FF19 /* dTexture.swift in Sources */ = {isa = PBXBuildFile; fileRef = 2EEC08451D6B7A9D00F1FF19 /* dTexture.swift */; };
		2EEC084E1D6B7AA900F1FF19 /* dBufferManager.swift in Sources */ = {isa = PBXBuildFile; fileRef = 2EEC084C1D6B7AA900F1FF19 /* dBufferManager.swift */; };
		2EEC084F1D6B7AA900F1FF19 /* dBufferManager.swift in Sources */ = {isa = PBXBuildFile; fileRef = 2EEC084C1D6B7AA900F1FF19 /* dBufferManager.swift */; };
		2EEC08501D6B7AA900F1FF19 /* dBufferManager.swift in Sources */ = {isa = PBXBuildFile; fileRef = 2EEC084C1D6B7AA900F1FF19 /* dBufferManager.swift */; };
		2EEC08511D6B7AA900F1FF19 /* dTextureManager.swift in Sources */ = {isa = PBXBuildFile; fileRef = 2EEC084D1D6B7AA900F1FF19 /* dTextureManager.swift */; };
		2EEC08521D6B7AA900F1FF19 /* dTextureManager.swift in Sources */ = {isa = PBXBuildFile; fileRef = 2EEC084D1D6B7AA900F1FF19 /* dTextureManager.swift */; };
		2EEC08531D6B7AA900F1FF19 /* dTextureManager.swift in Sources */ = {isa = PBXBuildFile; fileRef = 2EEC084D1D6B7AA900F1FF19 /* dTextureManager.swift */; };
		2EEC08561D6B7AD400F1FF19 /* dMath.swift in Sources */ = {isa = PBXBuildFile; fileRef = 2EEC08551D6B7AD400F1FF19 /* dMath.swift */; };
		2EEC08571D6B7AD400F1FF19 /* dMath.swift in Sources */ = {isa = PBXBuildFile; fileRef = 2EEC08551D6B7AD400F1FF19 /* dMath.swift */; };
		2EEC08581D6B7AD400F1FF19 /* dMath.swift in Sources */ = {isa = PBXBuildFile; fileRef = 2EEC08551D6B7AD400F1FF19 /* dMath.swift */; };
		2EEC085A1D6B7ADE00F1FF19 /* dTransform.swift in Sources */ = {isa = PBXBuildFile; fileRef = 2EEC08591D6B7ADE00F1FF19 /* dTransform.swift */; };
		2EEC085B1D6B7ADE00F1FF19 /* dTransform.swift in Sources */ = {isa = PBXBuildFile; fileRef = 2EEC08591D6B7ADE00F1FF19 /* dTransform.swift */; };
		2EEC085C1D6B7ADE00F1FF19 /* dTransform.swift in Sources */ = {isa = PBXBuildFile; fileRef = 2EEC08591D6B7ADE00F1FF19 /* dTransform.swift */; };
		2EEC085E1D6B7AE900F1FF19 /* dTransformManager.swift in Sources */ = {isa = PBXBuildFile; fileRef = 2EEC085D1D6B7AE900F1FF19 /* dTransformManager.swift */; };
		2EEC085F1D6B7AE900F1FF19 /* dTransformManager.swift in Sources */ = {isa = PBXBuildFile; fileRef = 2EEC085D1D6B7AE900F1FF19 /* dTransformManager.swift */; };
		2EEC08601D6B7AE900F1FF19 /* dTransformManager.swift in Sources */ = {isa = PBXBuildFile; fileRef = 2EEC085D1D6B7AE900F1FF19 /* dTransformManager.swift */; };
		2EEC08631D6B7B3B00F1FF19 /* DiffuseMaterial.metal in Sources */ = {isa = PBXBuildFile; fileRef = 2EEC08621D6B7B3B00F1FF19 /* DiffuseMaterial.metal */; };
		2EEC08641D6B7B3B00F1FF19 /* DiffuseMaterial.metal in Sources */ = {isa = PBXBuildFile; fileRef = 2EEC08621D6B7B3B00F1FF19 /* DiffuseMaterial.metal */; };
		2EEC08651D6B7B3B00F1FF19 /* DiffuseMaterial.metal in Sources */ = {isa = PBXBuildFile; fileRef = 2EEC08621D6B7B3B00F1FF19 /* DiffuseMaterial.metal */; };
		2EEC08681D6B7B6B00F1FF19 /* SharedUniforms.swift in Sources */ = {isa = PBXBuildFile; fileRef = 2EEC08671D6B7B6B00F1FF19 /* SharedUniforms.swift */; };
		2EEC08691D6B7B6B00F1FF19 /* SharedUniforms.swift in Sources */ = {isa = PBXBuildFile; fileRef = 2EEC08671D6B7B6B00F1FF19 /* SharedUniforms.swift */; };
		2EEC086A1D6B7B6B00F1FF19 /* SharedUniforms.swift in Sources */ = {isa = PBXBuildFile; fileRef = 2EEC08671D6B7B6B00F1FF19 /* SharedUniforms.swift */; };
		2EEC086D1D6B7B8B00F1FF19 /* dError.swift in Sources */ = {isa = PBXBuildFile; fileRef = 2EEC086C1D6B7B8B00F1FF19 /* dError.swift */; };
		2EEC086E1D6B7B8B00F1FF19 /* dError.swift in Sources */ = {isa = PBXBuildFile; fileRef = 2EEC086C1D6B7B8B00F1FF19 /* dError.swift */; };
		2EEC086F1D6B7B8B00F1FF19 /* dError.swift in Sources */ = {isa = PBXBuildFile; fileRef = 2EEC086C1D6B7B8B00F1FF19 /* dError.swift */; };
		2EEC08731D6B7BAE00F1FF19 /* Metal.framework in Frameworks */ = {isa = PBXBuildFile; fileRef = 2EEC08711D6B7BAE00F1FF19 /* Metal.framework */; };
		2EEC08741D6B7BAE00F1FF19 /* MetalKit.framework in Frameworks */ = {isa = PBXBuildFile; fileRef = 2EEC08721D6B7BAE00F1FF19 /* MetalKit.framework */; };
		2EEC08771D6B7BBA00F1FF19 /* Metal.framework in Frameworks */ = {isa = PBXBuildFile; fileRef = 2EEC08751D6B7BBA00F1FF19 /* Metal.framework */; };
		2EEC08781D6B7BBA00F1FF19 /* MetalKit.framework in Frameworks */ = {isa = PBXBuildFile; fileRef = 2EEC08761D6B7BBA00F1FF19 /* MetalKit.framework */; };
		2EEC087B1D6B7BC200F1FF19 /* Metal.framework in Frameworks */ = {isa = PBXBuildFile; fileRef = 2EEC08791D6B7BC200F1FF19 /* Metal.framework */; };
		2EEC087C1D6B7BC200F1FF19 /* MetalKit.framework in Frameworks */ = {isa = PBXBuildFile; fileRef = 2EEC087A1D6B7BC200F1FF19 /* MetalKit.framework */; };
		2EEC087F1D6B7C4200F1FF19 /* dRendererFactory.swift in Sources */ = {isa = PBXBuildFile; fileRef = 2EEC087E1D6B7C4200F1FF19 /* dRendererFactory.swift */; };
		2EEC08801D6B7C4200F1FF19 /* dRendererFactory.swift in Sources */ = {isa = PBXBuildFile; fileRef = 2EEC087E1D6B7C4200F1FF19 /* dRendererFactory.swift */; };
		2EEC08811D6B7C4200F1FF19 /* dRendererFactory.swift in Sources */ = {isa = PBXBuildFile; fileRef = 2EEC087E1D6B7C4200F1FF19 /* dRendererFactory.swift */; };
		2EFC3FC61DA4620700456988 /* dVector3D.swift in Sources */ = {isa = PBXBuildFile; fileRef = 2EFC3FC51DA4620700456988 /* dVector3D.swift */; };
		2EFC3FC71DA4620700456988 /* dVector3D.swift in Sources */ = {isa = PBXBuildFile; fileRef = 2EFC3FC51DA4620700456988 /* dVector3D.swift */; };
		2EFC3FC81DA4620700456988 /* dVector3D.swift in Sources */ = {isa = PBXBuildFile; fileRef = 2EFC3FC51DA4620700456988 /* dVector3D.swift */; };
		2EFC3FCA1DA462D000456988 /* dSize2D.swift in Sources */ = {isa = PBXBuildFile; fileRef = 2EFC3FC91DA462D000456988 /* dSize2D.swift */; };
		2EFC3FCB1DA462D000456988 /* dSize2D.swift in Sources */ = {isa = PBXBuildFile; fileRef = 2EFC3FC91DA462D000456988 /* dSize2D.swift */; };
		2EFC3FCC1DA462D000456988 /* dSize2D.swift in Sources */ = {isa = PBXBuildFile; fileRef = 2EFC3FC91DA462D000456988 /* dSize2D.swift */; };
		2EFC3FD71DA5776500456988 /* dSSize2D.swift in Sources */ = {isa = PBXBuildFile; fileRef = 2EFC3FD51DA5776500456988 /* dSSize2D.swift */; };
		2EFC3FD81DA5776500456988 /* dSSize2D.swift in Sources */ = {isa = PBXBuildFile; fileRef = 2EFC3FD51DA5776500456988 /* dSSize2D.swift */; };
		2EFC3FD91DA5776500456988 /* dSSize2D.swift in Sources */ = {isa = PBXBuildFile; fileRef = 2EFC3FD51DA5776500456988 /* dSSize2D.swift */; };
		2EFC3FDA1DA5776500456988 /* dSVector3D.swift in Sources */ = {isa = PBXBuildFile; fileRef = 2EFC3FD61DA5776500456988 /* dSVector3D.swift */; };
		2EFC3FDB1DA5776500456988 /* dSVector3D.swift in Sources */ = {isa = PBXBuildFile; fileRef = 2EFC3FD61DA5776500456988 /* dSVector3D.swift */; };
		2EFC3FDC1DA5776500456988 /* dSVector3D.swift in Sources */ = {isa = PBXBuildFile; fileRef = 2EFC3FD61DA5776500456988 /* dSVector3D.swift */; };
		2EFC3FE71DA829D000456988 /* dSceneManager.swift in Sources */ = {isa = PBXBuildFile; fileRef = 2EFC3FE61DA829D000456988 /* dSceneManager.swift */; };
		2EFC3FE81DA829D000456988 /* dSceneManager.swift in Sources */ = {isa = PBXBuildFile; fileRef = 2EFC3FE61DA829D000456988 /* dSceneManager.swift */; };
		2EFC3FE91DA829D000456988 /* dSceneManager.swift in Sources */ = {isa = PBXBuildFile; fileRef = 2EFC3FE61DA829D000456988 /* dSceneManager.swift */; };
		2EFC3FEC1DA82C0800456988 /* SwiftyJSON.swift in Sources */ = {isa = PBXBuildFile; fileRef = 2EFC3FEB1DA82C0800456988 /* SwiftyJSON.swift */; };
		2EFC3FED1DA82C0800456988 /* SwiftyJSON.swift in Sources */ = {isa = PBXBuildFile; fileRef = 2EFC3FEB1DA82C0800456988 /* SwiftyJSON.swift */; };
		2EFC3FEE1DA82C0800456988 /* SwiftyJSON.swift in Sources */ = {isa = PBXBuildFile; fileRef = 2EFC3FEB1DA82C0800456988 /* SwiftyJSON.swift */; };
/* End PBXBuildFile section */

/* Begin PBXFileReference section */
		2E08D23F1DB189CF00CB8D85 /* TransformsView.swift */ = {isa = PBXFileReference; fileEncoding = 4; lastKnownFileType = sourcecode.swift; path = TransformsView.swift; sourceTree = "<group>"; };
		2E1295EF1DAC4F38007C5512 /* EditorViewController.swift */ = {isa = PBXFileReference; fileEncoding = 4; lastKnownFileType = sourcecode.swift; path = EditorViewController.swift; sourceTree = "<group>"; };
		2E1295F11DAC4FCA007C5512 /* WindowController.swift */ = {isa = PBXFileReference; fileEncoding = 4; lastKnownFileType = sourcecode.swift; path = WindowController.swift; sourceTree = "<group>"; };
		2E255A231DA2D26A00364AFC /* dJSCore.swift */ = {isa = PBXFileReference; fileEncoding = 4; lastKnownFileType = sourcecode.swift; path = dJSCore.swift; sourceTree = "<group>"; };
		2E255A271DA2D36200364AFC /* dJSScript.swift */ = {isa = PBXFileReference; fileEncoding = 4; lastKnownFileType = sourcecode.swift; path = dJSScript.swift; sourceTree = "<group>"; };
		2E2608D51DBABDBF00206D41 /* GameView.swift */ = {isa = PBXFileReference; fileEncoding = 4; lastKnownFileType = sourcecode.swift; path = GameView.swift; sourceTree = "<group>"; };
		2E3520E71DAC208100642255 /* DrakkenEngine_Editor.app */ = {isa = PBXFileReference; explicitFileType = wrapper.application; includeInIndex = 0; path = DrakkenEngine_Editor.app; sourceTree = BUILT_PRODUCTS_DIR; };
		2E3520E91DAC208200642255 /* AppDelegate.swift */ = {isa = PBXFileReference; lastKnownFileType = sourcecode.swift; path = AppDelegate.swift; sourceTree = "<group>"; };
		2E3520EB1DAC208200642255 /* EditorView.swift */ = {isa = PBXFileReference; lastKnownFileType = sourcecode.swift; path = EditorView.swift; sourceTree = "<group>"; };
		2E3520ED1DAC208200642255 /* Assets.xcassets */ = {isa = PBXFileReference; lastKnownFileType = folder.assetcatalog; path = Assets.xcassets; sourceTree = "<group>"; };
		2E3520F01DAC208200642255 /* Base */ = {isa = PBXFileReference; lastKnownFileType = file.storyboard; name = Base; path = Base.lproj/Main.storyboard; sourceTree = "<group>"; };
		2E3520F21DAC208200642255 /* Info.plist */ = {isa = PBXFileReference; lastKnownFileType = text.plist.xml; path = Info.plist; sourceTree = "<group>"; };
		2E4038C21DB6968900D0EF4B /* ProjectFolderView.swift */ = {isa = PBXFileReference; fileEncoding = 4; lastKnownFileType = sourcecode.swift; path = ProjectFolderView.swift; sourceTree = "<group>"; };
		2E61F66E1D70CE7900237241 /* dMesh.swift */ = {isa = PBXFileReference; fileEncoding = 4; lastKnownFileType = sourcecode.swift; path = dMesh.swift; sourceTree = "<group>"; };
		2E6CBD481D6CCC950096C912 /* dMaterialManager.swift */ = {isa = PBXFileReference; fileEncoding = 4; lastKnownFileType = sourcecode.swift; path = dMaterialManager.swift; sourceTree = "<group>"; };
		2E6CBD4C1D6CF7E60096C912 /* dMaterial.swift */ = {isa = PBXFileReference; fileEncoding = 4; lastKnownFileType = sourcecode.swift; path = dMaterial.swift; sourceTree = "<group>"; };
		2E6CBD511D6D241B0096C912 /* dDiffuseDef.swift */ = {isa = PBXFileReference; fileEncoding = 4; lastKnownFileType = sourcecode.swift; path = dDiffuseDef.swift; sourceTree = "<group>"; };
		2E6CBD551D6E3EFE0096C912 /* dShaderManager.swift */ = {isa = PBXFileReference; fileEncoding = 4; lastKnownFileType = sourcecode.swift; path = dShaderManager.swift; sourceTree = "<group>"; };
		2E6CBD591D6E44190096C912 /* DrakkenEngine.swift */ = {isa = PBXFileReference; fileEncoding = 4; lastKnownFileType = sourcecode.swift; path = DrakkenEngine.swift; sourceTree = "<group>"; };
		2E6CBD621D6F58F80096C912 /* dMeshRender.swift */ = {isa = PBXFileReference; fileEncoding = 4; lastKnownFileType = sourcecode.swift; path = dMeshRender.swift; sourceTree = "<group>"; };
		2E6CBD6B1D6F78F70096C912 /* dSprite.swift */ = {isa = PBXFileReference; fileEncoding = 4; lastKnownFileType = sourcecode.swift; path = dSprite.swift; sourceTree = "<group>"; };
		2E6CBD701D6F82FF0096C912 /* dQuad.swift */ = {isa = PBXFileReference; fileEncoding = 4; lastKnownFileType = sourcecode.swift; path = dQuad.swift; sourceTree = "<group>"; };
		2E6CBD781D70959A0096C912 /* dScene.swift */ = {isa = PBXFileReference; fileEncoding = 4; lastKnownFileType = sourcecode.swift; path = dScene.swift; sourceTree = "<group>"; };
		2E6CBD7D1D70A07F0096C912 /* dSimpleSceneRender.swift */ = {isa = PBXFileReference; fileEncoding = 4; lastKnownFileType = sourcecode.swift; path = dSimpleSceneRender.swift; sourceTree = "<group>"; };
		2E6CBD811D70C3DE0096C912 /* dMeshManager.swift */ = {isa = PBXFileReference; fileEncoding = 4; lastKnownFileType = sourcecode.swift; path = dMeshManager.swift; sourceTree = "<group>"; };
		2E7CAB251DBE8B0D005219BC /* IJSScriptCell.swift */ = {isa = PBXFileReference; fileEncoding = 4; lastKnownFileType = sourcecode.swift; name = IJSScriptCell.swift; path = Assets.xcassets/IJSScriptCell.swift; sourceTree = "<group>"; };
		2E7CAB271DBE8E94005219BC /* ISpriteCell.swift */ = {isa = PBXFileReference; fileEncoding = 4; lastKnownFileType = sourcecode.swift; path = ISpriteCell.swift; sourceTree = "<group>"; };
		2E7CAB291DBE944C005219BC /* IMeshRenderCell.swift */ = {isa = PBXFileReference; fileEncoding = 4; lastKnownFileType = sourcecode.swift; path = IMeshRenderCell.swift; sourceTree = "<group>"; };
		2E7CAB2B1DBFF759005219BC /* dDebug.swift */ = {isa = PBXFileReference; fileEncoding = 4; lastKnownFileType = sourcecode.swift; path = dDebug.swift; sourceTree = "<group>"; };
		2EA533901DB7DF250088EE66 /* Serializable.swift */ = {isa = PBXFileReference; fileEncoding = 4; lastKnownFileType = sourcecode.swift; path = Serializable.swift; sourceTree = "<group>"; };
		2EB1C41D1D6BAEAF004285D2 /* dComponent.swift */ = {isa = PBXFileReference; fileEncoding = 4; lastKnownFileType = sourcecode.swift; path = dComponent.swift; sourceTree = "<group>"; };
		2EC7F0AF1D75FDC50073315E /* dSpriteQuad.swift */ = {isa = PBXFileReference; fileEncoding = 4; lastKnownFileType = sourcecode.swift; path = dSpriteQuad.swift; sourceTree = "<group>"; };
		2ECE5A671DB9498D00CC8EDA /* InspectorView.swift */ = {isa = PBXFileReference; fileEncoding = 4; lastKnownFileType = sourcecode.swift; path = InspectorView.swift; sourceTree = "<group>"; };
		2ECE5A691DB94A0400CC8EDA /* ConsoleView.swift */ = {isa = PBXFileReference; fileEncoding = 4; lastKnownFileType = sourcecode.swift; path = ConsoleView.swift; sourceTree = "<group>"; };
		2ECE5A6B1DB96CE200CC8EDA /* ITransformCell.swift */ = {isa = PBXFileReference; fileEncoding = 4; lastKnownFileType = sourcecode.swift; path = ITransformCell.swift; sourceTree = "<group>"; };
		2ED7C7741D78868400E65237 /* dSceneController.swift */ = {isa = PBXFileReference; fileEncoding = 4; lastKnownFileType = sourcecode.swift; path = dSceneController.swift; sourceTree = "<group>"; };
		2ED7C7781D78880100E65237 /* dAnimation.swift */ = {isa = PBXFileReference; fileEncoding = 4; lastKnownFileType = sourcecode.swift; path = dAnimation.swift; sourceTree = "<group>"; };
		2ED7C77C1D78881500E65237 /* dAnimator.swift */ = {isa = PBXFileReference; fileEncoding = 4; lastKnownFileType = sourcecode.swift; path = dAnimator.swift; sourceTree = "<group>"; };
		2ED7C7841D7A046E00E65237 /* dSpriteManager.swift */ = {isa = PBXFileReference; fileEncoding = 4; lastKnownFileType = sourcecode.swift; path = dSpriteManager.swift; sourceTree = "<group>"; };
		2EEC080F1D6B79DE00F1FF19 /* DrakkenEngine.framework */ = {isa = PBXFileReference; explicitFileType = wrapper.framework; includeInIndex = 0; path = DrakkenEngine.framework; sourceTree = BUILT_PRODUCTS_DIR; };
		2EEC08111D6B79DE00F1FF19 /* DrakkenEngine_macOS.h */ = {isa = PBXFileReference; lastKnownFileType = sourcecode.c.h; path = DrakkenEngine_macOS.h; sourceTree = "<group>"; };
		2EEC08121D6B79DE00F1FF19 /* Info.plist */ = {isa = PBXFileReference; lastKnownFileType = text.plist.xml; path = Info.plist; sourceTree = "<group>"; };
		2EEC081C1D6B79EC00F1FF19 /* DrakkenEngine.framework */ = {isa = PBXFileReference; explicitFileType = wrapper.framework; includeInIndex = 0; path = DrakkenEngine.framework; sourceTree = BUILT_PRODUCTS_DIR; };
		2EEC081E1D6B79EC00F1FF19 /* DrakkenEngine_tvOS.h */ = {isa = PBXFileReference; lastKnownFileType = sourcecode.c.h; path = DrakkenEngine_tvOS.h; sourceTree = "<group>"; };
		2EEC081F1D6B79EC00F1FF19 /* Info.plist */ = {isa = PBXFileReference; lastKnownFileType = text.plist.xml; path = Info.plist; sourceTree = "<group>"; };
		2EEC08291D6B79FB00F1FF19 /* DrakkenEngine.framework */ = {isa = PBXFileReference; explicitFileType = wrapper.framework; includeInIndex = 0; path = DrakkenEngine.framework; sourceTree = BUILT_PRODUCTS_DIR; };
		2EEC082B1D6B79FB00F1FF19 /* DrakkenEngine_iOS.h */ = {isa = PBXFileReference; lastKnownFileType = sourcecode.c.h; path = DrakkenEngine_iOS.h; sourceTree = "<group>"; };
		2EEC082C1D6B79FB00F1FF19 /* Info.plist */ = {isa = PBXFileReference; lastKnownFileType = text.plist.xml; path = Info.plist; sourceTree = "<group>"; };
		2EEC08321D6B7A4800F1FF19 /* dCore.swift */ = {isa = PBXFileReference; fileEncoding = 4; lastKnownFileType = sourcecode.swift; path = dCore.swift; sourceTree = "<group>"; };
		2EEC08361D6B7A5A00F1FF19 /* dShader.swift */ = {isa = PBXFileReference; fileEncoding = 4; lastKnownFileType = sourcecode.swift; path = dShader.swift; sourceTree = "<group>"; };
		2EEC08371D6B7A5A00F1FF19 /* dRenderer.swift */ = {isa = PBXFileReference; fileEncoding = 4; lastKnownFileType = sourcecode.swift; path = dRenderer.swift; sourceTree = "<group>"; };
		2EEC083E1D6B7A6A00F1FF19 /* dGameView.swift */ = {isa = PBXFileReference; fileEncoding = 4; lastKnownFileType = sourcecode.swift; path = dGameView.swift; sourceTree = "<group>"; };
		2EEC08441D6B7A9D00F1FF19 /* dBuffers.swift */ = {isa = PBXFileReference; fileEncoding = 4; lastKnownFileType = sourcecode.swift; path = dBuffers.swift; sourceTree = "<group>"; };
		2EEC08451D6B7A9D00F1FF19 /* dTexture.swift */ = {isa = PBXFileReference; fileEncoding = 4; lastKnownFileType = sourcecode.swift; path = dTexture.swift; sourceTree = "<group>"; };
		2EEC084C1D6B7AA900F1FF19 /* dBufferManager.swift */ = {isa = PBXFileReference; fileEncoding = 4; lastKnownFileType = sourcecode.swift; path = dBufferManager.swift; sourceTree = "<group>"; };
		2EEC084D1D6B7AA900F1FF19 /* dTextureManager.swift */ = {isa = PBXFileReference; fileEncoding = 4; lastKnownFileType = sourcecode.swift; path = dTextureManager.swift; sourceTree = "<group>"; };
		2EEC08551D6B7AD400F1FF19 /* dMath.swift */ = {isa = PBXFileReference; fileEncoding = 4; lastKnownFileType = sourcecode.swift; path = dMath.swift; sourceTree = "<group>"; };
		2EEC08591D6B7ADE00F1FF19 /* dTransform.swift */ = {isa = PBXFileReference; fileEncoding = 4; lastKnownFileType = sourcecode.swift; path = dTransform.swift; sourceTree = "<group>"; };
		2EEC085D1D6B7AE900F1FF19 /* dTransformManager.swift */ = {isa = PBXFileReference; fileEncoding = 4; lastKnownFileType = sourcecode.swift; path = dTransformManager.swift; sourceTree = "<group>"; };
		2EEC08621D6B7B3B00F1FF19 /* DiffuseMaterial.metal */ = {isa = PBXFileReference; fileEncoding = 4; lastKnownFileType = sourcecode.metal; path = DiffuseMaterial.metal; sourceTree = "<group>"; };
		2EEC08671D6B7B6B00F1FF19 /* SharedUniforms.swift */ = {isa = PBXFileReference; fileEncoding = 4; lastKnownFileType = sourcecode.swift; path = SharedUniforms.swift; sourceTree = "<group>"; };
		2EEC086C1D6B7B8B00F1FF19 /* dError.swift */ = {isa = PBXFileReference; fileEncoding = 4; lastKnownFileType = sourcecode.swift; path = dError.swift; sourceTree = "<group>"; };
		2EEC08711D6B7BAE00F1FF19 /* Metal.framework */ = {isa = PBXFileReference; lastKnownFileType = wrapper.framework; name = Metal.framework; path = Platforms/iPhoneOS.platform/Developer/SDKs/iPhoneOS10.0.sdk/System/Library/Frameworks/Metal.framework; sourceTree = DEVELOPER_DIR; };
		2EEC08721D6B7BAE00F1FF19 /* MetalKit.framework */ = {isa = PBXFileReference; lastKnownFileType = wrapper.framework; name = MetalKit.framework; path = Platforms/iPhoneOS.platform/Developer/SDKs/iPhoneOS10.0.sdk/System/Library/Frameworks/MetalKit.framework; sourceTree = DEVELOPER_DIR; };
		2EEC08751D6B7BBA00F1FF19 /* Metal.framework */ = {isa = PBXFileReference; lastKnownFileType = wrapper.framework; name = Metal.framework; path = Platforms/AppleTVOS.platform/Developer/SDKs/AppleTVOS10.0.sdk/System/Library/Frameworks/Metal.framework; sourceTree = DEVELOPER_DIR; };
		2EEC08761D6B7BBA00F1FF19 /* MetalKit.framework */ = {isa = PBXFileReference; lastKnownFileType = wrapper.framework; name = MetalKit.framework; path = Platforms/AppleTVOS.platform/Developer/SDKs/AppleTVOS10.0.sdk/System/Library/Frameworks/MetalKit.framework; sourceTree = DEVELOPER_DIR; };
		2EEC08791D6B7BC200F1FF19 /* Metal.framework */ = {isa = PBXFileReference; lastKnownFileType = wrapper.framework; name = Metal.framework; path = System/Library/Frameworks/Metal.framework; sourceTree = SDKROOT; };
		2EEC087A1D6B7BC200F1FF19 /* MetalKit.framework */ = {isa = PBXFileReference; lastKnownFileType = wrapper.framework; name = MetalKit.framework; path = System/Library/Frameworks/MetalKit.framework; sourceTree = SDKROOT; };
		2EEC087E1D6B7C4200F1FF19 /* dRendererFactory.swift */ = {isa = PBXFileReference; fileEncoding = 4; lastKnownFileType = sourcecode.swift; path = dRendererFactory.swift; sourceTree = "<group>"; };
		2EFC3FC51DA4620700456988 /* dVector3D.swift */ = {isa = PBXFileReference; fileEncoding = 4; lastKnownFileType = sourcecode.swift; path = dVector3D.swift; sourceTree = "<group>"; };
		2EFC3FC91DA462D000456988 /* dSize2D.swift */ = {isa = PBXFileReference; fileEncoding = 4; lastKnownFileType = sourcecode.swift; path = dSize2D.swift; sourceTree = "<group>"; };
		2EFC3FD51DA5776500456988 /* dSSize2D.swift */ = {isa = PBXFileReference; fileEncoding = 4; lastKnownFileType = sourcecode.swift; path = dSSize2D.swift; sourceTree = "<group>"; };
		2EFC3FD61DA5776500456988 /* dSVector3D.swift */ = {isa = PBXFileReference; fileEncoding = 4; lastKnownFileType = sourcecode.swift; path = dSVector3D.swift; sourceTree = "<group>"; };
		2EFC3FE61DA829D000456988 /* dSceneManager.swift */ = {isa = PBXFileReference; fileEncoding = 4; lastKnownFileType = sourcecode.swift; path = dSceneManager.swift; sourceTree = "<group>"; };
		2EFC3FEB1DA82C0800456988 /* SwiftyJSON.swift */ = {isa = PBXFileReference; fileEncoding = 4; lastKnownFileType = sourcecode.swift; name = SwiftyJSON.swift; path = SwiftyJSON/SwiftyJSON.swift; sourceTree = "<group>"; };
/* End PBXFileReference section */

/* Begin PBXFrameworksBuildPhase section */
		2E3520E41DAC208100642255 /* Frameworks */ = {
			isa = PBXFrameworksBuildPhase;
			buildActionMask = 2147483647;
			files = (
			);
			runOnlyForDeploymentPostprocessing = 0;
		};
		2EEC080B1D6B79DE00F1FF19 /* Frameworks */ = {
			isa = PBXFrameworksBuildPhase;
			buildActionMask = 2147483647;
			files = (
				2EEC087B1D6B7BC200F1FF19 /* Metal.framework in Frameworks */,
				2EEC087C1D6B7BC200F1FF19 /* MetalKit.framework in Frameworks */,
			);
			runOnlyForDeploymentPostprocessing = 0;
		};
		2EEC08181D6B79EC00F1FF19 /* Frameworks */ = {
			isa = PBXFrameworksBuildPhase;
			buildActionMask = 2147483647;
			files = (
				2EEC08771D6B7BBA00F1FF19 /* Metal.framework in Frameworks */,
				2EEC08781D6B7BBA00F1FF19 /* MetalKit.framework in Frameworks */,
			);
			runOnlyForDeploymentPostprocessing = 0;
		};
		2EEC08251D6B79FB00F1FF19 /* Frameworks */ = {
			isa = PBXFrameworksBuildPhase;
			buildActionMask = 2147483647;
			files = (
				2EEC08731D6B7BAE00F1FF19 /* Metal.framework in Frameworks */,
				2EEC08741D6B7BAE00F1FF19 /* MetalKit.framework in Frameworks */,
			);
			runOnlyForDeploymentPostprocessing = 0;
		};
/* End PBXFrameworksBuildPhase section */

/* Begin PBXGroup section */
		2E1295EE1DAC4F11007C5512 /* Editor */ = {
			isa = PBXGroup;
			children = (
				2E1295F11DAC4FCA007C5512 /* WindowController.swift */,
				2E08D23F1DB189CF00CB8D85 /* TransformsView.swift */,
				2E4038C21DB6968900D0EF4B /* ProjectFolderView.swift */,
				2ECE5A671DB9498D00CC8EDA /* InspectorView.swift */,
				2ECE5A691DB94A0400CC8EDA /* ConsoleView.swift */,
				2E3520EB1DAC208200642255 /* EditorView.swift */,
				2E2608D51DBABDBF00206D41 /* GameView.swift */,
				2E1295EF1DAC4F38007C5512 /* EditorViewController.swift */,
				2ECE5A6B1DB96CE200CC8EDA /* ITransformCell.swift */,
				2E7CAB251DBE8B0D005219BC /* IJSScriptCell.swift */,
				2E7CAB271DBE8E94005219BC /* ISpriteCell.swift */,
				2E7CAB291DBE944C005219BC /* IMeshRenderCell.swift */,
			);
			name = Editor;
			sourceTree = "<group>";
		};
		2E3520E81DAC208200642255 /* DrakkenEngine_Editor */ = {
			isa = PBXGroup;
			children = (
				2E3520E91DAC208200642255 /* AppDelegate.swift */,
				2E1295EE1DAC4F11007C5512 /* Editor */,
				2E3520ED1DAC208200642255 /* Assets.xcassets */,
				2E3520EF1DAC208200642255 /* Main.storyboard */,
				2E3520F21DAC208200642255 /* Info.plist */,
			);
			path = DrakkenEngine_Editor;
			sourceTree = "<group>";
		};
		2E6A16351D8C7DB9004F9750 /* *.js */ = {
			isa = PBXGroup;
			children = (
			);
			name = "*.js";
			sourceTree = "<group>";
		};
		2E6CBD501D6D23FD0096C912 /* Materials */ = {
			isa = PBXGroup;
			children = (
				2E6CBD511D6D241B0096C912 /* dDiffuseDef.swift */,
			);
			name = Materials;
			sourceTree = "<group>";
		};
		2E6CBD6A1D6F74050096C912 /* Components */ = {
			isa = PBXGroup;
			children = (
				2E6CBD621D6F58F80096C912 /* dMeshRender.swift */,
				2E6CBD6B1D6F78F70096C912 /* dSprite.swift */,
				2ED7C7781D78880100E65237 /* dAnimation.swift */,
				2ED7C77C1D78881500E65237 /* dAnimator.swift */,
				2E255A271DA2D36200364AFC /* dJSScript.swift */,
				2E6A16351D8C7DB9004F9750 /* *.js */,
			);
			name = Components;
			sourceTree = "<group>";
		};
		2E6CBD6F1D6F82ED0096C912 /* Meshes */ = {
			isa = PBXGroup;
			children = (
				2E6CBD701D6F82FF0096C912 /* dQuad.swift */,
				2EC7F0AF1D75FDC50073315E /* dSpriteQuad.swift */,
			);
			name = Meshes;
			sourceTree = "<group>";
		};
		2E6CBD7C1D70A0650096C912 /* Renders */ = {
			isa = PBXGroup;
			children = (
				2E6CBD7D1D70A07F0096C912 /* dSimpleSceneRender.swift */,
			);
			name = Renders;
			sourceTree = "<group>";
		};
		2EB1C41C1D6BAE94004285D2 /* Engine */ = {
			isa = PBXGroup;
			children = (
				2EB1C41D1D6BAEAF004285D2 /* dComponent.swift */,
				2E6CBD4C1D6CF7E60096C912 /* dMaterial.swift */,
				2E61F66E1D70CE7900237241 /* dMesh.swift */,
				2E6CBD781D70959A0096C912 /* dScene.swift */,
				2E7CAB2B1DBFF759005219BC /* dDebug.swift */,
				2E6CBD7C1D70A0650096C912 /* Renders */,
				2ED7C7731D78866B00E65237 /* Controllers */,
			);
			name = Engine;
			sourceTree = "<group>";
		};
		2ED7C7731D78866B00E65237 /* Controllers */ = {
			isa = PBXGroup;
			children = (
				2ED7C7741D78868400E65237 /* dSceneController.swift */,
			);
			name = Controllers;
			sourceTree = "<group>";
		};
		2EEC07F51D6B79AD00F1FF19 = {
			isa = PBXGroup;
			children = (
				2EEC08011D6B79AD00F1FF19 /* DrakkenEngine */,
				2EEC08101D6B79DE00F1FF19 /* DrakkenEngine_macOS */,
				2EEC081D1D6B79EC00F1FF19 /* DrakkenEngine_tvOS */,
				2EEC082A1D6B79FB00F1FF19 /* DrakkenEngine_iOS */,
				2E3520E81DAC208200642255 /* DrakkenEngine_Editor */,
				2EEC08001D6B79AD00F1FF19 /* Products */,
				2EEC08701D6B7BAE00F1FF19 /* Frameworks */,
			);
			sourceTree = "<group>";
		};
		2EEC08001D6B79AD00F1FF19 /* Products */ = {
			isa = PBXGroup;
			children = (
				2EEC080F1D6B79DE00F1FF19 /* DrakkenEngine.framework */,
				2EEC081C1D6B79EC00F1FF19 /* DrakkenEngine.framework */,
				2EEC08291D6B79FB00F1FF19 /* DrakkenEngine.framework */,
				2E3520E71DAC208100642255 /* DrakkenEngine_Editor.app */,
			);
			name = Products;
			sourceTree = "<group>";
		};
		2EEC08011D6B79AD00F1FF19 /* DrakkenEngine */ = {
			isa = PBXGroup;
			children = (
				2EFC3FEA1DA82BF000456988 /* SwiftyJSON */,
				2EEC08541D6B7AC900F1FF19 /* Math */,
				2EEC08431D6B7A8500F1FF19 /* Data */,
				2EEC08421D6B7A7C00F1FF19 /* Managers */,
				2EEC08311D6B7A3800F1FF19 /* Core */,
				2EEC087D1D6B7C2D00F1FF19 /* Core Factories */,
				2EB1C41C1D6BAE94004285D2 /* Engine */,
				2E6CBD6A1D6F74050096C912 /* Components */,
				2E6CBD501D6D23FD0096C912 /* Materials */,
				2EEC08611D6B7B2800F1FF19 /* Shaders */,
				2EEC08661D6B7B5300F1FF19 /* Uniforms */,
				2EEC086B1D6B7B7C00F1FF19 /* Errors */,
			);
			path = DrakkenEngine;
			sourceTree = "<group>";
		};
		2EEC08101D6B79DE00F1FF19 /* DrakkenEngine_macOS */ = {
			isa = PBXGroup;
			children = (
				2EEC08111D6B79DE00F1FF19 /* DrakkenEngine_macOS.h */,
				2EEC08121D6B79DE00F1FF19 /* Info.plist */,
			);
			path = DrakkenEngine_macOS;
			sourceTree = "<group>";
		};
		2EEC081D1D6B79EC00F1FF19 /* DrakkenEngine_tvOS */ = {
			isa = PBXGroup;
			children = (
				2EEC081E1D6B79EC00F1FF19 /* DrakkenEngine_tvOS.h */,
				2EEC081F1D6B79EC00F1FF19 /* Info.plist */,
			);
			path = DrakkenEngine_tvOS;
			sourceTree = "<group>";
		};
		2EEC082A1D6B79FB00F1FF19 /* DrakkenEngine_iOS */ = {
			isa = PBXGroup;
			children = (
				2EEC082B1D6B79FB00F1FF19 /* DrakkenEngine_iOS.h */,
				2EEC082C1D6B79FB00F1FF19 /* Info.plist */,
			);
			path = DrakkenEngine_iOS;
			sourceTree = "<group>";
		};
		2EEC08311D6B7A3800F1FF19 /* Core */ = {
			isa = PBXGroup;
			children = (
				2E6CBD591D6E44190096C912 /* DrakkenEngine.swift */,
				2EEC08321D6B7A4800F1FF19 /* dCore.swift */,
				2E255A231DA2D26A00364AFC /* dJSCore.swift */,
				2EEC08361D6B7A5A00F1FF19 /* dShader.swift */,
				2EEC08371D6B7A5A00F1FF19 /* dRenderer.swift */,
				2EEC083E1D6B7A6A00F1FF19 /* dGameView.swift */,
			);
			name = Core;
			sourceTree = "<group>";
		};
		2EEC08421D6B7A7C00F1FF19 /* Managers */ = {
			isa = PBXGroup;
			children = (
				2EEC084C1D6B7AA900F1FF19 /* dBufferManager.swift */,
				2EEC084D1D6B7AA900F1FF19 /* dTextureManager.swift */,
				2EEC085D1D6B7AE900F1FF19 /* dTransformManager.swift */,
				2E6CBD481D6CCC950096C912 /* dMaterialManager.swift */,
				2E6CBD811D70C3DE0096C912 /* dMeshManager.swift */,
				2E6CBD551D6E3EFE0096C912 /* dShaderManager.swift */,
				2ED7C7841D7A046E00E65237 /* dSpriteManager.swift */,
				2EFC3FE61DA829D000456988 /* dSceneManager.swift */,
			);
			name = Managers;
			sourceTree = "<group>";
		};
		2EEC08431D6B7A8500F1FF19 /* Data */ = {
			isa = PBXGroup;
			children = (
				2EEC08441D6B7A9D00F1FF19 /* dBuffers.swift */,
				2EEC08451D6B7A9D00F1FF19 /* dTexture.swift */,
				2EEC08591D6B7ADE00F1FF19 /* dTransform.swift */,
				2E6CBD6F1D6F82ED0096C912 /* Meshes */,
			);
			name = Data;
			sourceTree = "<group>";
		};
		2EEC08541D6B7AC900F1FF19 /* Math */ = {
			isa = PBXGroup;
			children = (
				2EEC08551D6B7AD400F1FF19 /* dMath.swift */,
				2EFC3FC51DA4620700456988 /* dVector3D.swift */,
				2EFC3FC91DA462D000456988 /* dSize2D.swift */,
				2EFC3FD61DA5776500456988 /* dSVector3D.swift */,
				2EFC3FD51DA5776500456988 /* dSSize2D.swift */,
			);
			name = Math;
			sourceTree = "<group>";
		};
		2EEC08611D6B7B2800F1FF19 /* Shaders */ = {
			isa = PBXGroup;
			children = (
				2EEC08621D6B7B3B00F1FF19 /* DiffuseMaterial.metal */,
			);
			name = Shaders;
			sourceTree = "<group>";
		};
		2EEC08661D6B7B5300F1FF19 /* Uniforms */ = {
			isa = PBXGroup;
			children = (
				2EEC08671D6B7B6B00F1FF19 /* SharedUniforms.swift */,
			);
			name = Uniforms;
			sourceTree = "<group>";
		};
		2EEC086B1D6B7B7C00F1FF19 /* Errors */ = {
			isa = PBXGroup;
			children = (
				2EEC086C1D6B7B8B00F1FF19 /* dError.swift */,
			);
			name = Errors;
			sourceTree = "<group>";
		};
		2EEC08701D6B7BAE00F1FF19 /* Frameworks */ = {
			isa = PBXGroup;
			children = (
				2EEC08791D6B7BC200F1FF19 /* Metal.framework */,
				2EEC087A1D6B7BC200F1FF19 /* MetalKit.framework */,
				2EEC08751D6B7BBA00F1FF19 /* Metal.framework */,
				2EEC08761D6B7BBA00F1FF19 /* MetalKit.framework */,
				2EEC08711D6B7BAE00F1FF19 /* Metal.framework */,
				2EEC08721D6B7BAE00F1FF19 /* MetalKit.framework */,
			);
			name = Frameworks;
			sourceTree = "<group>";
		};
		2EEC087D1D6B7C2D00F1FF19 /* Core Factories */ = {
			isa = PBXGroup;
			children = (
				2EEC087E1D6B7C4200F1FF19 /* dRendererFactory.swift */,
			);
			name = "Core Factories";
			sourceTree = "<group>";
		};
		2EFC3FEA1DA82BF000456988 /* SwiftyJSON */ = {
			isa = PBXGroup;
			children = (
				2EFC3FEB1DA82C0800456988 /* SwiftyJSON.swift */,
				2EA533901DB7DF250088EE66 /* Serializable.swift */,
			);
			name = SwiftyJSON;
			sourceTree = "<group>";
		};
/* End PBXGroup section */

/* Begin PBXHeadersBuildPhase section */
		2EEC080C1D6B79DE00F1FF19 /* Headers */ = {
			isa = PBXHeadersBuildPhase;
			buildActionMask = 2147483647;
			files = (
				2EEC08131D6B79DE00F1FF19 /* DrakkenEngine_macOS.h in Headers */,
			);
			runOnlyForDeploymentPostprocessing = 0;
		};
		2EEC08191D6B79EC00F1FF19 /* Headers */ = {
			isa = PBXHeadersBuildPhase;
			buildActionMask = 2147483647;
			files = (
				2EEC08201D6B79EC00F1FF19 /* DrakkenEngine_tvOS.h in Headers */,
			);
			runOnlyForDeploymentPostprocessing = 0;
		};
		2EEC08261D6B79FB00F1FF19 /* Headers */ = {
			isa = PBXHeadersBuildPhase;
			buildActionMask = 2147483647;
			files = (
				2EEC082D1D6B79FB00F1FF19 /* DrakkenEngine_iOS.h in Headers */,
			);
			runOnlyForDeploymentPostprocessing = 0;
		};
/* End PBXHeadersBuildPhase section */

/* Begin PBXNativeTarget section */
		2E3520E61DAC208100642255 /* DrakkenEngine_Editor */ = {
			isa = PBXNativeTarget;
			buildConfigurationList = 2E3520F31DAC208200642255 /* Build configuration list for PBXNativeTarget "DrakkenEngine_Editor" */;
			buildPhases = (
				2E3520E31DAC208100642255 /* Sources */,
				2E3520E41DAC208100642255 /* Frameworks */,
				2E3520E51DAC208100642255 /* Resources */,
			);
			buildRules = (
			);
			dependencies = (
			);
			name = DrakkenEngine_Editor;
			productName = DrakkenEngine_Editor;
			productReference = 2E3520E71DAC208100642255 /* DrakkenEngine_Editor.app */;
			productType = "com.apple.product-type.application";
		};
		2EEC080E1D6B79DE00F1FF19 /* DrakkenEngine_macOS */ = {
			isa = PBXNativeTarget;
			buildConfigurationList = 2EEC08141D6B79DE00F1FF19 /* Build configuration list for PBXNativeTarget "DrakkenEngine_macOS" */;
			buildPhases = (
				2EEC080A1D6B79DE00F1FF19 /* Sources */,
				2EEC080B1D6B79DE00F1FF19 /* Frameworks */,
				2EEC080C1D6B79DE00F1FF19 /* Headers */,
				2EEC080D1D6B79DE00F1FF19 /* Resources */,
			);
			buildRules = (
			);
			dependencies = (
			);
			name = DrakkenEngine_macOS;
			productName = DrakkenEngine_macOS;
			productReference = 2EEC080F1D6B79DE00F1FF19 /* DrakkenEngine.framework */;
			productType = "com.apple.product-type.framework";
		};
		2EEC081B1D6B79EC00F1FF19 /* DrakkenEngine_tvOS */ = {
			isa = PBXNativeTarget;
			buildConfigurationList = 2EEC08211D6B79EC00F1FF19 /* Build configuration list for PBXNativeTarget "DrakkenEngine_tvOS" */;
			buildPhases = (
				2EEC08171D6B79EC00F1FF19 /* Sources */,
				2EEC08181D6B79EC00F1FF19 /* Frameworks */,
				2EEC08191D6B79EC00F1FF19 /* Headers */,
				2EEC081A1D6B79EC00F1FF19 /* Resources */,
			);
			buildRules = (
			);
			dependencies = (
			);
			name = DrakkenEngine_tvOS;
			productName = DrakkenEngine_tvOS;
			productReference = 2EEC081C1D6B79EC00F1FF19 /* DrakkenEngine.framework */;
			productType = "com.apple.product-type.framework";
		};
		2EEC08281D6B79FB00F1FF19 /* DrakkenEngine_iOS */ = {
			isa = PBXNativeTarget;
			buildConfigurationList = 2EEC082E1D6B79FB00F1FF19 /* Build configuration list for PBXNativeTarget "DrakkenEngine_iOS" */;
			buildPhases = (
				2EEC08241D6B79FB00F1FF19 /* Sources */,
				2EEC08251D6B79FB00F1FF19 /* Frameworks */,
				2EEC08261D6B79FB00F1FF19 /* Headers */,
				2EEC08271D6B79FB00F1FF19 /* Resources */,
			);
			buildRules = (
			);
			dependencies = (
			);
			name = DrakkenEngine_iOS;
			productName = DrakkenEngine_iOS;
			productReference = 2EEC08291D6B79FB00F1FF19 /* DrakkenEngine.framework */;
			productType = "com.apple.product-type.framework";
		};
/* End PBXNativeTarget section */

/* Begin PBXProject section */
		2EEC07F61D6B79AD00F1FF19 /* Project object */ = {
			isa = PBXProject;
			attributes = {
				LastSwiftUpdateCheck = 0800;
				LastUpgradeCheck = 0800;
				ORGANIZATIONNAME = "Drakken Studio";
				TargetAttributes = {
					2E3520E61DAC208100642255 = {
						CreatedOnToolsVersion = 8.0;
						DevelopmentTeam = 62TU375XJE;
						ProvisioningStyle = Automatic;
					};
					2EEC080E1D6B79DE00F1FF19 = {
						CreatedOnToolsVersion = 8.0;
						DevelopmentTeam = 62TU375XJE;
						LastSwiftMigration = 0800;
						ProvisioningStyle = Automatic;
					};
					2EEC081B1D6B79EC00F1FF19 = {
						CreatedOnToolsVersion = 8.0;
						DevelopmentTeam = 62TU375XJE;
						LastSwiftMigration = 0800;
						ProvisioningStyle = Automatic;
					};
					2EEC08281D6B79FB00F1FF19 = {
						CreatedOnToolsVersion = 8.0;
						DevelopmentTeam = 62TU375XJE;
						LastSwiftMigration = 0800;
						ProvisioningStyle = Automatic;
					};
				};
			};
			buildConfigurationList = 2EEC07F91D6B79AD00F1FF19 /* Build configuration list for PBXProject "DrakkenEngine" */;
			compatibilityVersion = "Xcode 3.2";
			developmentRegion = English;
			hasScannedForEncodings = 0;
			knownRegions = (
				en,
				Base,
			);
			mainGroup = 2EEC07F51D6B79AD00F1FF19;
			productRefGroup = 2EEC08001D6B79AD00F1FF19 /* Products */;
			projectDirPath = "";
			projectRoot = "";
			targets = (
				2EEC080E1D6B79DE00F1FF19 /* DrakkenEngine_macOS */,
				2EEC081B1D6B79EC00F1FF19 /* DrakkenEngine_tvOS */,
				2EEC08281D6B79FB00F1FF19 /* DrakkenEngine_iOS */,
				2E3520E61DAC208100642255 /* DrakkenEngine_Editor */,
			);
		};
/* End PBXProject section */

/* Begin PBXResourcesBuildPhase section */
		2E3520E51DAC208100642255 /* Resources */ = {
			isa = PBXResourcesBuildPhase;
			buildActionMask = 2147483647;
			files = (
				2E3520EE1DAC208200642255 /* Assets.xcassets in Resources */,
				2E3520F11DAC208200642255 /* Main.storyboard in Resources */,
			);
			runOnlyForDeploymentPostprocessing = 0;
		};
		2EEC080D1D6B79DE00F1FF19 /* Resources */ = {
			isa = PBXResourcesBuildPhase;
			buildActionMask = 2147483647;
			files = (
			);
			runOnlyForDeploymentPostprocessing = 0;
		};
		2EEC081A1D6B79EC00F1FF19 /* Resources */ = {
			isa = PBXResourcesBuildPhase;
			buildActionMask = 2147483647;
			files = (
			);
			runOnlyForDeploymentPostprocessing = 0;
		};
		2EEC08271D6B79FB00F1FF19 /* Resources */ = {
			isa = PBXResourcesBuildPhase;
			buildActionMask = 2147483647;
			files = (
			);
			runOnlyForDeploymentPostprocessing = 0;
		};
/* End PBXResourcesBuildPhase section */

/* Begin PBXSourcesBuildPhase section */
		2E3520E31DAC208100642255 /* Sources */ = {
			isa = PBXSourcesBuildPhase;
			buildActionMask = 2147483647;
			files = (
				2E3520F71DAC4C1500642255 /* dMath.swift in Sources */,
				2E3521001DAC4C1D00642255 /* dSpriteQuad.swift in Sources */,
				2E35211C1DAC4C3B00642255 /* DiffuseMaterial.metal in Sources */,
				2E3521181DAC4C3500642255 /* dAnimation.swift in Sources */,
				2E35211E1DAC4C3B00642255 /* dError.swift in Sources */,
				2ECE5A6C1DB96CE200CC8EDA /* ITransformCell.swift in Sources */,
				2E3521191DAC4C3500642255 /* dAnimator.swift in Sources */,
				2E35210C1DAC4C2600642255 /* dShader.swift in Sources */,
				2E35210B1DAC4C2600642255 /* dJSCore.swift in Sources */,
				2E3520FE1DAC4C1800642255 /* dTransform.swift in Sources */,
				2E3521111DAC4C2C00642255 /* dMaterial.swift in Sources */,
				2E3520FB1DAC4C1500642255 /* dSSize2D.swift in Sources */,
				2E3520F91DAC4C1500642255 /* dSize2D.swift in Sources */,
				2E7CAB2A1DBE944C005219BC /* IMeshRenderCell.swift in Sources */,
				2E3520F61DAC4C1200642255 /* SwiftyJSON.swift in Sources */,
				2E08D2401DB189CF00CB8D85 /* TransformsView.swift in Sources */,
				2E7CAB261DBE8B0D005219BC /* IJSScriptCell.swift in Sources */,
				2E3521061DAC4C2200642255 /* dShaderManager.swift in Sources */,
				2E7CAB2F1DBFFAB1005219BC /* dDebug.swift in Sources */,
				2E3520FA1DAC4C1500642255 /* dSVector3D.swift in Sources */,
				2ECE5A6A1DB94A0400CC8EDA /* ConsoleView.swift in Sources */,
				2E1295F01DAC4F38007C5512 /* EditorViewController.swift in Sources */,
				2E3521021DAC4C2200642255 /* dTextureManager.swift in Sources */,
				2E3521071DAC4C2200642255 /* dSpriteManager.swift in Sources */,
				2E3521101DAC4C2C00642255 /* dComponent.swift in Sources */,
				2E3520F81DAC4C1500642255 /* dVector3D.swift in Sources */,
				2E3520EC1DAC208200642255 /* EditorView.swift in Sources */,
				2E35211A1DAC4C3500642255 /* dJSScript.swift in Sources */,
				2E3520EA1DAC208200642255 /* AppDelegate.swift in Sources */,
				2E35210A1DAC4C2600642255 /* dCore.swift in Sources */,
				2E3521051DAC4C2200642255 /* dMeshManager.swift in Sources */,
				2E3521011DAC4C2200642255 /* dBufferManager.swift in Sources */,
				2E3521081DAC4C2200642255 /* dSceneManager.swift in Sources */,
				2E3520FF1DAC4C1D00642255 /* dQuad.swift in Sources */,
				2E35210E1DAC4C2600642255 /* dGameView.swift in Sources */,
				2E3521121DAC4C2C00642255 /* dMesh.swift in Sources */,
				2E3521031DAC4C2200642255 /* dTransformManager.swift in Sources */,
				2E4038C31DB6968900D0EF4B /* ProjectFolderView.swift in Sources */,
				2E1295F21DAC4FCA007C5512 /* WindowController.swift in Sources */,
				2E35211D1DAC4C3B00642255 /* SharedUniforms.swift in Sources */,
				2E3521131DAC4C2C00642255 /* dScene.swift in Sources */,
				2EA533941DB7DF250088EE66 /* Serializable.swift in Sources */,
				2E35211B1DAC4C3B00642255 /* dDiffuseDef.swift in Sources */,
				2E3521141DAC4C3100642255 /* dSimpleSceneRender.swift in Sources */,
				2E3521171DAC4C3400642255 /* dSprite.swift in Sources */,
				2E35210D1DAC4C2600642255 /* dRenderer.swift in Sources */,
				2E3521091DAC4C2600642255 /* DrakkenEngine.swift in Sources */,
				2E3521151DAC4C3100642255 /* dSceneController.swift in Sources */,
				2E3521161DAC4C3400642255 /* dMeshRender.swift in Sources */,
				2E35210F1DAC4C2900642255 /* dRendererFactory.swift in Sources */,
				2E7CAB281DBE8E94005219BC /* ISpriteCell.swift in Sources */,
				2E3520FD1DAC4C1800642255 /* dTexture.swift in Sources */,
				2ECE5A681DB9498D00CC8EDA /* InspectorView.swift in Sources */,
				2E3520FC1DAC4C1800642255 /* dBuffers.swift in Sources */,
				2E2608D61DBABDBF00206D41 /* GameView.swift in Sources */,
				2E3521041DAC4C2200642255 /* dMaterialManager.swift in Sources */,
			);
			runOnlyForDeploymentPostprocessing = 0;
		};
		2EEC080A1D6B79DE00F1FF19 /* Sources */ = {
			isa = PBXSourcesBuildPhase;
			buildActionMask = 2147483647;
			files = (
				2EA533911DB7DF250088EE66 /* Serializable.swift in Sources */,
				2EEC08381D6B7A5A00F1FF19 /* dShader.swift in Sources */,
				2EEC08491D6B7A9D00F1FF19 /* dTexture.swift in Sources */,
				2EB1C41E1D6BAEAF004285D2 /* dComponent.swift in Sources */,
				2E6CBD7E1D70A07F0096C912 /* dSimpleSceneRender.swift in Sources */,
				2E7CAB2C1DBFF759005219BC /* dDebug.swift in Sources */,
				2E6CBD6C1D6F78F70096C912 /* dSprite.swift in Sources */,
				2EEC08681D6B7B6B00F1FF19 /* SharedUniforms.swift in Sources */,
				2EEC084E1D6B7AA900F1FF19 /* dBufferManager.swift in Sources */,
				2E6CBD631D6F58F80096C912 /* dMeshRender.swift in Sources */,
				2E6CBD561D6E3EFE0096C912 /* dShaderManager.swift in Sources */,
				2ED7C77D1D78881500E65237 /* dAnimator.swift in Sources */,
				2EFC3FDA1DA5776500456988 /* dSVector3D.swift in Sources */,
				2EEC08631D6B7B3B00F1FF19 /* DiffuseMaterial.metal in Sources */,
				2EEC08461D6B7A9D00F1FF19 /* dBuffers.swift in Sources */,
				2EFC3FC61DA4620700456988 /* dVector3D.swift in Sources */,
				2ED7C7751D78868400E65237 /* dSceneController.swift in Sources */,
				2ED7C7791D78880100E65237 /* dAnimation.swift in Sources */,
				2E61F66F1D70CE7900237241 /* dMesh.swift in Sources */,
				2EEC083B1D6B7A5A00F1FF19 /* dRenderer.swift in Sources */,
				2EEC085A1D6B7ADE00F1FF19 /* dTransform.swift in Sources */,
				2EEC083F1D6B7A6A00F1FF19 /* dGameView.swift in Sources */,
				2EEC08331D6B7A4800F1FF19 /* dCore.swift in Sources */,
				2EFC3FEC1DA82C0800456988 /* SwiftyJSON.swift in Sources */,
				2EEC085E1D6B7AE900F1FF19 /* dTransformManager.swift in Sources */,
				2E6CBD791D70959A0096C912 /* dScene.swift in Sources */,
				2E6CBD5A1D6E44190096C912 /* DrakkenEngine.swift in Sources */,
				2E6CBD521D6D241B0096C912 /* dDiffuseDef.swift in Sources */,
				2EEC08561D6B7AD400F1FF19 /* dMath.swift in Sources */,
				2E255A281DA2D36200364AFC /* dJSScript.swift in Sources */,
				2EFC3FCA1DA462D000456988 /* dSize2D.swift in Sources */,
				2EEC08511D6B7AA900F1FF19 /* dTextureManager.swift in Sources */,
				2EEC086D1D6B7B8B00F1FF19 /* dError.swift in Sources */,
				2EEC087F1D6B7C4200F1FF19 /* dRendererFactory.swift in Sources */,
				2E255A241DA2D26A00364AFC /* dJSCore.swift in Sources */,
				2ED7C7851D7A046E00E65237 /* dSpriteManager.swift in Sources */,
				2E6CBD711D6F82FF0096C912 /* dQuad.swift in Sources */,
				2E6CBD821D70C3DE0096C912 /* dMeshManager.swift in Sources */,
				2EFC3FE71DA829D000456988 /* dSceneManager.swift in Sources */,
				2EC7F0B01D75FDC50073315E /* dSpriteQuad.swift in Sources */,
				2EFC3FD71DA5776500456988 /* dSSize2D.swift in Sources */,
				2E6CBD491D6CCC950096C912 /* dMaterialManager.swift in Sources */,
				2E6CBD4D1D6CF7E60096C912 /* dMaterial.swift in Sources */,
			);
			runOnlyForDeploymentPostprocessing = 0;
		};
		2EEC08171D6B79EC00F1FF19 /* Sources */ = {
			isa = PBXSourcesBuildPhase;
			buildActionMask = 2147483647;
			files = (
				2EA533921DB7DF250088EE66 /* Serializable.swift in Sources */,
				2EEC08391D6B7A5A00F1FF19 /* dShader.swift in Sources */,
				2EEC084A1D6B7A9D00F1FF19 /* dTexture.swift in Sources */,
				2EB1C41F1D6BAEAF004285D2 /* dComponent.swift in Sources */,
				2E6CBD7F1D70A07F0096C912 /* dSimpleSceneRender.swift in Sources */,
				2E7CAB2D1DBFF759005219BC /* dDebug.swift in Sources */,
				2E6CBD6D1D6F78F70096C912 /* dSprite.swift in Sources */,
				2EEC08691D6B7B6B00F1FF19 /* SharedUniforms.swift in Sources */,
				2EEC084F1D6B7AA900F1FF19 /* dBufferManager.swift in Sources */,
				2E6CBD641D6F58F80096C912 /* dMeshRender.swift in Sources */,
				2E6CBD571D6E3EFE0096C912 /* dShaderManager.swift in Sources */,
				2ED7C77E1D78881500E65237 /* dAnimator.swift in Sources */,
				2EFC3FDB1DA5776500456988 /* dSVector3D.swift in Sources */,
				2EEC08641D6B7B3B00F1FF19 /* DiffuseMaterial.metal in Sources */,
				2EEC08471D6B7A9D00F1FF19 /* dBuffers.swift in Sources */,
				2EFC3FC71DA4620700456988 /* dVector3D.swift in Sources */,
				2ED7C7761D78868400E65237 /* dSceneController.swift in Sources */,
				2ED7C77A1D78880100E65237 /* dAnimation.swift in Sources */,
				2E61F6701D70CE7900237241 /* dMesh.swift in Sources */,
				2EEC083C1D6B7A5A00F1FF19 /* dRenderer.swift in Sources */,
				2EEC085B1D6B7ADE00F1FF19 /* dTransform.swift in Sources */,
				2EEC08401D6B7A6A00F1FF19 /* dGameView.swift in Sources */,
				2EEC08341D6B7A4800F1FF19 /* dCore.swift in Sources */,
				2EFC3FED1DA82C0800456988 /* SwiftyJSON.swift in Sources */,
				2EEC085F1D6B7AE900F1FF19 /* dTransformManager.swift in Sources */,
				2E6CBD7A1D70959A0096C912 /* dScene.swift in Sources */,
				2E6CBD5B1D6E44190096C912 /* DrakkenEngine.swift in Sources */,
				2E6CBD531D6D241B0096C912 /* dDiffuseDef.swift in Sources */,
				2EEC08571D6B7AD400F1FF19 /* dMath.swift in Sources */,
				2E255A291DA2D36200364AFC /* dJSScript.swift in Sources */,
				2EFC3FCB1DA462D000456988 /* dSize2D.swift in Sources */,
				2EEC08521D6B7AA900F1FF19 /* dTextureManager.swift in Sources */,
				2EEC086E1D6B7B8B00F1FF19 /* dError.swift in Sources */,
				2EEC08801D6B7C4200F1FF19 /* dRendererFactory.swift in Sources */,
				2E255A251DA2D26A00364AFC /* dJSCore.swift in Sources */,
				2ED7C7861D7A046E00E65237 /* dSpriteManager.swift in Sources */,
				2E6CBD721D6F82FF0096C912 /* dQuad.swift in Sources */,
				2E6CBD831D70C3DE0096C912 /* dMeshManager.swift in Sources */,
				2EFC3FE81DA829D000456988 /* dSceneManager.swift in Sources */,
				2EC7F0B11D75FDC50073315E /* dSpriteQuad.swift in Sources */,
				2EFC3FD81DA5776500456988 /* dSSize2D.swift in Sources */,
				2E6CBD4A1D6CCC950096C912 /* dMaterialManager.swift in Sources */,
				2E6CBD4E1D6CF7E60096C912 /* dMaterial.swift in Sources */,
			);
			runOnlyForDeploymentPostprocessing = 0;
		};
		2EEC08241D6B79FB00F1FF19 /* Sources */ = {
			isa = PBXSourcesBuildPhase;
			buildActionMask = 2147483647;
			files = (
				2EA533931DB7DF250088EE66 /* Serializable.swift in Sources */,
				2EEC083A1D6B7A5A00F1FF19 /* dShader.swift in Sources */,
				2EEC084B1D6B7A9D00F1FF19 /* dTexture.swift in Sources */,
				2EB1C4201D6BAEAF004285D2 /* dComponent.swift in Sources */,
				2E6CBD801D70A07F0096C912 /* dSimpleSceneRender.swift in Sources */,
				2E7CAB2E1DBFF759005219BC /* dDebug.swift in Sources */,
				2E6CBD6E1D6F78F70096C912 /* dSprite.swift in Sources */,
				2EEC086A1D6B7B6B00F1FF19 /* SharedUniforms.swift in Sources */,
				2EEC08501D6B7AA900F1FF19 /* dBufferManager.swift in Sources */,
				2E6CBD651D6F58F80096C912 /* dMeshRender.swift in Sources */,
				2E6CBD581D6E3EFE0096C912 /* dShaderManager.swift in Sources */,
				2ED7C77F1D78881500E65237 /* dAnimator.swift in Sources */,
				2EFC3FDC1DA5776500456988 /* dSVector3D.swift in Sources */,
				2EEC08651D6B7B3B00F1FF19 /* DiffuseMaterial.metal in Sources */,
				2EEC08481D6B7A9D00F1FF19 /* dBuffers.swift in Sources */,
				2EFC3FC81DA4620700456988 /* dVector3D.swift in Sources */,
				2ED7C7771D78868400E65237 /* dSceneController.swift in Sources */,
				2ED7C77B1D78880100E65237 /* dAnimation.swift in Sources */,
				2E61F6711D70CE7900237241 /* dMesh.swift in Sources */,
				2EEC083D1D6B7A5A00F1FF19 /* dRenderer.swift in Sources */,
				2EEC085C1D6B7ADE00F1FF19 /* dTransform.swift in Sources */,
				2EEC08411D6B7A6A00F1FF19 /* dGameView.swift in Sources */,
				2EEC08351D6B7A4800F1FF19 /* dCore.swift in Sources */,
				2EFC3FEE1DA82C0800456988 /* SwiftyJSON.swift in Sources */,
				2EEC08601D6B7AE900F1FF19 /* dTransformManager.swift in Sources */,
				2E6CBD7B1D70959A0096C912 /* dScene.swift in Sources */,
				2E6CBD5C1D6E44190096C912 /* DrakkenEngine.swift in Sources */,
				2E6CBD541D6D241B0096C912 /* dDiffuseDef.swift in Sources */,
				2EEC08581D6B7AD400F1FF19 /* dMath.swift in Sources */,
				2E255A2A1DA2D36200364AFC /* dJSScript.swift in Sources */,
				2EFC3FCC1DA462D000456988 /* dSize2D.swift in Sources */,
				2EEC08531D6B7AA900F1FF19 /* dTextureManager.swift in Sources */,
				2EEC086F1D6B7B8B00F1FF19 /* dError.swift in Sources */,
				2EEC08811D6B7C4200F1FF19 /* dRendererFactory.swift in Sources */,
				2E255A261DA2D26A00364AFC /* dJSCore.swift in Sources */,
				2ED7C7871D7A046E00E65237 /* dSpriteManager.swift in Sources */,
				2E6CBD731D6F82FF0096C912 /* dQuad.swift in Sources */,
				2E6CBD841D70C3DE0096C912 /* dMeshManager.swift in Sources */,
				2EFC3FE91DA829D000456988 /* dSceneManager.swift in Sources */,
				2EC7F0B21D75FDC50073315E /* dSpriteQuad.swift in Sources */,
				2EFC3FD91DA5776500456988 /* dSSize2D.swift in Sources */,
				2E6CBD4B1D6CCC950096C912 /* dMaterialManager.swift in Sources */,
				2E6CBD4F1D6CF7E60096C912 /* dMaterial.swift in Sources */,
			);
			runOnlyForDeploymentPostprocessing = 0;
		};
/* End PBXSourcesBuildPhase section */

/* Begin PBXVariantGroup section */
		2E3520EF1DAC208200642255 /* Main.storyboard */ = {
			isa = PBXVariantGroup;
			children = (
				2E3520F01DAC208200642255 /* Base */,
			);
			name = Main.storyboard;
			sourceTree = "<group>";
		};
/* End PBXVariantGroup section */

/* Begin XCBuildConfiguration section */
		2E3520F41DAC208200642255 /* Debug */ = {
			isa = XCBuildConfiguration;
			buildSettings = {
				ASSETCATALOG_COMPILER_APPICON_NAME = AppIcon;
				COMBINE_HIDPI_IMAGES = YES;
				DEVELOPMENT_TEAM = 62TU375XJE;
				INFOPLIST_FILE = DrakkenEngine_Editor/Info.plist;
				LD_RUNPATH_SEARCH_PATHS = "$(inherited) @executable_path/../Frameworks";
				PRODUCT_BUNDLE_IDENTIFIER = drakkenstudio.DrakkenEngine;
				PRODUCT_NAME = "$(TARGET_NAME)";
				SWIFT_VERSION = 3.0;
			};
			name = Debug;
		};
		2E3520F51DAC208200642255 /* Release */ = {
			isa = XCBuildConfiguration;
			buildSettings = {
				ASSETCATALOG_COMPILER_APPICON_NAME = AppIcon;
				COMBINE_HIDPI_IMAGES = YES;
				DEVELOPMENT_TEAM = 62TU375XJE;
				INFOPLIST_FILE = DrakkenEngine_Editor/Info.plist;
				LD_RUNPATH_SEARCH_PATHS = "$(inherited) @executable_path/../Frameworks";
				PRODUCT_BUNDLE_IDENTIFIER = drakkenstudio.DrakkenEngine;
				PRODUCT_NAME = "$(TARGET_NAME)";
				SWIFT_VERSION = 3.0;
			};
			name = Release;
		};
		2EEC08051D6B79AD00F1FF19 /* Debug */ = {
			isa = XCBuildConfiguration;
			buildSettings = {
				ALWAYS_SEARCH_USER_PATHS = NO;
				CLANG_ANALYZER_NONNULL = YES;
				CLANG_CXX_LANGUAGE_STANDARD = "gnu++0x";
				CLANG_CXX_LIBRARY = "libc++";
				CLANG_ENABLE_MODULES = YES;
				CLANG_ENABLE_OBJC_ARC = YES;
				CLANG_WARN_BOOL_CONVERSION = YES;
				CLANG_WARN_CONSTANT_CONVERSION = YES;
				CLANG_WARN_DIRECT_OBJC_ISA_USAGE = YES_ERROR;
				CLANG_WARN_DOCUMENTATION_COMMENTS = YES;
				CLANG_WARN_EMPTY_BODY = YES;
				CLANG_WARN_ENUM_CONVERSION = YES;
				CLANG_WARN_INFINITE_RECURSION = YES;
				CLANG_WARN_INT_CONVERSION = YES;
				CLANG_WARN_OBJC_ROOT_CLASS = YES_ERROR;
				CLANG_WARN_SUSPICIOUS_MOVES = YES;
				CLANG_WARN_UNREACHABLE_CODE = YES;
				CLANG_WARN__DUPLICATE_METHOD_MATCH = YES;
				CODE_SIGN_IDENTITY = "-";
				COPY_PHASE_STRIP = NO;
				CURRENT_PROJECT_VERSION = 1;
				DEBUG_INFORMATION_FORMAT = dwarf;
				ENABLE_STRICT_OBJC_MSGSEND = YES;
				ENABLE_TESTABILITY = YES;
				GCC_C_LANGUAGE_STANDARD = gnu99;
				GCC_DYNAMIC_NO_PIC = NO;
				GCC_NO_COMMON_BLOCKS = YES;
				GCC_OPTIMIZATION_LEVEL = 0;
				GCC_PREPROCESSOR_DEFINITIONS = (
					"DEBUG=1",
					"$(inherited)",
				);
				GCC_WARN_64_TO_32_BIT_CONVERSION = YES;
				GCC_WARN_ABOUT_RETURN_TYPE = YES_ERROR;
				GCC_WARN_UNDECLARED_SELECTOR = YES;
				GCC_WARN_UNINITIALIZED_AUTOS = YES_AGGRESSIVE;
				GCC_WARN_UNUSED_FUNCTION = YES;
				GCC_WARN_UNUSED_VARIABLE = YES;
				MACOSX_DEPLOYMENT_TARGET = 10.12;
				MTL_ENABLE_DEBUG_INFO = YES;
				ONLY_ACTIVE_ARCH = YES;
				SDKROOT = macosx;
				SWIFT_ACTIVE_COMPILATION_CONDITIONS = DEBUG;
				SWIFT_OPTIMIZATION_LEVEL = "-Onone";
				VERSIONING_SYSTEM = "apple-generic";
				VERSION_INFO_PREFIX = "";
			};
			name = Debug;
		};
		2EEC08061D6B79AD00F1FF19 /* Release */ = {
			isa = XCBuildConfiguration;
			buildSettings = {
				ALWAYS_SEARCH_USER_PATHS = NO;
				CLANG_ANALYZER_NONNULL = YES;
				CLANG_CXX_LANGUAGE_STANDARD = "gnu++0x";
				CLANG_CXX_LIBRARY = "libc++";
				CLANG_ENABLE_MODULES = YES;
				CLANG_ENABLE_OBJC_ARC = YES;
				CLANG_WARN_BOOL_CONVERSION = YES;
				CLANG_WARN_CONSTANT_CONVERSION = YES;
				CLANG_WARN_DIRECT_OBJC_ISA_USAGE = YES_ERROR;
				CLANG_WARN_DOCUMENTATION_COMMENTS = YES;
				CLANG_WARN_EMPTY_BODY = YES;
				CLANG_WARN_ENUM_CONVERSION = YES;
				CLANG_WARN_INFINITE_RECURSION = YES;
				CLANG_WARN_INT_CONVERSION = YES;
				CLANG_WARN_OBJC_ROOT_CLASS = YES_ERROR;
				CLANG_WARN_SUSPICIOUS_MOVES = YES;
				CLANG_WARN_UNREACHABLE_CODE = YES;
				CLANG_WARN__DUPLICATE_METHOD_MATCH = YES;
				CODE_SIGN_IDENTITY = "-";
				COPY_PHASE_STRIP = NO;
				CURRENT_PROJECT_VERSION = 1;
				DEBUG_INFORMATION_FORMAT = "dwarf-with-dsym";
				ENABLE_NS_ASSERTIONS = NO;
				ENABLE_STRICT_OBJC_MSGSEND = YES;
				GCC_C_LANGUAGE_STANDARD = gnu99;
				GCC_NO_COMMON_BLOCKS = YES;
				GCC_WARN_64_TO_32_BIT_CONVERSION = YES;
				GCC_WARN_ABOUT_RETURN_TYPE = YES_ERROR;
				GCC_WARN_UNDECLARED_SELECTOR = YES;
				GCC_WARN_UNINITIALIZED_AUTOS = YES_AGGRESSIVE;
				GCC_WARN_UNUSED_FUNCTION = YES;
				GCC_WARN_UNUSED_VARIABLE = YES;
				MACOSX_DEPLOYMENT_TARGET = 10.12;
				MTL_ENABLE_DEBUG_INFO = NO;
				SDKROOT = macosx;
				SWIFT_OPTIMIZATION_LEVEL = "-Owholemodule";
				VERSIONING_SYSTEM = "apple-generic";
				VERSION_INFO_PREFIX = "";
			};
			name = Release;
		};
		2EEC08151D6B79DE00F1FF19 /* Debug */ = {
			isa = XCBuildConfiguration;
			buildSettings = {
				CLANG_ENABLE_MODULES = YES;
				CODE_SIGN_IDENTITY = "";
				COMBINE_HIDPI_IMAGES = YES;
				DEFINES_MODULE = YES;
				DEVELOPMENT_TEAM = 62TU375XJE;
				DYLIB_COMPATIBILITY_VERSION = 1;
				DYLIB_CURRENT_VERSION = 1;
				DYLIB_INSTALL_NAME_BASE = "@rpath";
				FRAMEWORK_VERSION = A;
				INFOPLIST_FILE = DrakkenEngine_macOS/Info.plist;
				INSTALL_PATH = "$(LOCAL_LIBRARY_DIR)/Frameworks";
				LD_RUNPATH_SEARCH_PATHS = "$(inherited) @executable_path/../Frameworks @loader_path/Frameworks";
				MACOSX_DEPLOYMENT_TARGET = 10.11;
				PRODUCT_BUNDLE_IDENTIFIER = drakkenstudio.DrakkenEngine;
				PRODUCT_NAME = DrakkenEngine;
				SKIP_INSTALL = YES;
				SWIFT_OPTIMIZATION_LEVEL = "-Onone";
				SWIFT_VERSION = 3.0;
			};
			name = Debug;
		};
		2EEC08161D6B79DE00F1FF19 /* Release */ = {
			isa = XCBuildConfiguration;
			buildSettings = {
				CLANG_ENABLE_MODULES = YES;
				CODE_SIGN_IDENTITY = "";
				COMBINE_HIDPI_IMAGES = YES;
				DEFINES_MODULE = YES;
				DEVELOPMENT_TEAM = 62TU375XJE;
				DYLIB_COMPATIBILITY_VERSION = 1;
				DYLIB_CURRENT_VERSION = 1;
				DYLIB_INSTALL_NAME_BASE = "@rpath";
				FRAMEWORK_VERSION = A;
				INFOPLIST_FILE = DrakkenEngine_macOS/Info.plist;
				INSTALL_PATH = "$(LOCAL_LIBRARY_DIR)/Frameworks";
				LD_RUNPATH_SEARCH_PATHS = "$(inherited) @executable_path/../Frameworks @loader_path/Frameworks";
				MACOSX_DEPLOYMENT_TARGET = 10.11;
				PRODUCT_BUNDLE_IDENTIFIER = drakkenstudio.DrakkenEngine;
				PRODUCT_NAME = DrakkenEngine;
				SKIP_INSTALL = YES;
				SWIFT_VERSION = 3.0;
			};
			name = Release;
		};
		2EEC08221D6B79EC00F1FF19 /* Debug */ = {
			isa = XCBuildConfiguration;
			buildSettings = {
				CLANG_ENABLE_MODULES = YES;
				CODE_SIGN_IDENTITY = "";
				DEFINES_MODULE = YES;
				DEVELOPMENT_TEAM = 62TU375XJE;
				DYLIB_COMPATIBILITY_VERSION = 1;
				DYLIB_CURRENT_VERSION = 1;
				DYLIB_INSTALL_NAME_BASE = "@rpath";
				INFOPLIST_FILE = DrakkenEngine_tvOS/Info.plist;
				INSTALL_PATH = "$(LOCAL_LIBRARY_DIR)/Frameworks";
				LD_RUNPATH_SEARCH_PATHS = "$(inherited) @executable_path/Frameworks @loader_path/Frameworks";
				PRODUCT_BUNDLE_IDENTIFIER = drakkenstudio.DrakkenEngine;
				PRODUCT_NAME = DrakkenEngine;
				SDKROOT = appletvos;
				SKIP_INSTALL = YES;
				SWIFT_OPTIMIZATION_LEVEL = "-Onone";
				SWIFT_VERSION = 3.0;
				TARGETED_DEVICE_FAMILY = 3;
				TVOS_DEPLOYMENT_TARGET = 9.0;
			};
			name = Debug;
		};
		2EEC08231D6B79EC00F1FF19 /* Release */ = {
			isa = XCBuildConfiguration;
			buildSettings = {
				CLANG_ENABLE_MODULES = YES;
				CODE_SIGN_IDENTITY = "";
				DEFINES_MODULE = YES;
				DEVELOPMENT_TEAM = 62TU375XJE;
				DYLIB_COMPATIBILITY_VERSION = 1;
				DYLIB_CURRENT_VERSION = 1;
				DYLIB_INSTALL_NAME_BASE = "@rpath";
				INFOPLIST_FILE = DrakkenEngine_tvOS/Info.plist;
				INSTALL_PATH = "$(LOCAL_LIBRARY_DIR)/Frameworks";
				LD_RUNPATH_SEARCH_PATHS = "$(inherited) @executable_path/Frameworks @loader_path/Frameworks";
				PRODUCT_BUNDLE_IDENTIFIER = drakkenstudio.DrakkenEngine;
				PRODUCT_NAME = DrakkenEngine;
				SDKROOT = appletvos;
				SKIP_INSTALL = YES;
				SWIFT_VERSION = 3.0;
				TARGETED_DEVICE_FAMILY = 3;
				TVOS_DEPLOYMENT_TARGET = 9.0;
				VALIDATE_PRODUCT = YES;
			};
			name = Release;
		};
		2EEC082F1D6B79FB00F1FF19 /* Debug */ = {
			isa = XCBuildConfiguration;
			buildSettings = {
				CLANG_ENABLE_MODULES = YES;
				CODE_SIGN_IDENTITY = "";
				"CODE_SIGN_IDENTITY[sdk=iphoneos*]" = "iPhone Developer";
				DEFINES_MODULE = YES;
				DEVELOPMENT_TEAM = 62TU375XJE;
				DYLIB_COMPATIBILITY_VERSION = 1;
				DYLIB_CURRENT_VERSION = 1;
				DYLIB_INSTALL_NAME_BASE = "@rpath";
				INFOPLIST_FILE = DrakkenEngine_iOS/Info.plist;
				INSTALL_PATH = "$(LOCAL_LIBRARY_DIR)/Frameworks";
				IPHONEOS_DEPLOYMENT_TARGET = 9.0;
				LD_RUNPATH_SEARCH_PATHS = "$(inherited) @executable_path/Frameworks @loader_path/Frameworks";
				PRODUCT_BUNDLE_IDENTIFIER = drakkenstudio.DrakkenEngine;
				PRODUCT_NAME = DrakkenEngine;
				SDKROOT = iphoneos;
				SKIP_INSTALL = YES;
				SWIFT_OPTIMIZATION_LEVEL = "-Onone";
				SWIFT_VERSION = 3.0;
				TARGETED_DEVICE_FAMILY = "1,2";
			};
			name = Debug;
		};
		2EEC08301D6B79FB00F1FF19 /* Release */ = {
			isa = XCBuildConfiguration;
			buildSettings = {
				CLANG_ENABLE_MODULES = YES;
				CODE_SIGN_IDENTITY = "";
				"CODE_SIGN_IDENTITY[sdk=iphoneos*]" = "iPhone Developer";
				DEFINES_MODULE = YES;
				DEVELOPMENT_TEAM = 62TU375XJE;
				DYLIB_COMPATIBILITY_VERSION = 1;
				DYLIB_CURRENT_VERSION = 1;
				DYLIB_INSTALL_NAME_BASE = "@rpath";
				INFOPLIST_FILE = DrakkenEngine_iOS/Info.plist;
				INSTALL_PATH = "$(LOCAL_LIBRARY_DIR)/Frameworks";
				IPHONEOS_DEPLOYMENT_TARGET = 9.0;
				LD_RUNPATH_SEARCH_PATHS = "$(inherited) @executable_path/Frameworks @loader_path/Frameworks";
				PRODUCT_BUNDLE_IDENTIFIER = drakkenstudio.DrakkenEngine;
				PRODUCT_NAME = DrakkenEngine;
				SDKROOT = iphoneos;
				SKIP_INSTALL = YES;
				SWIFT_VERSION = 3.0;
				TARGETED_DEVICE_FAMILY = "1,2";
				VALIDATE_PRODUCT = YES;
			};
			name = Release;
		};
/* End XCBuildConfiguration section */

/* Begin XCConfigurationList section */
		2E3520F31DAC208200642255 /* Build configuration list for PBXNativeTarget "DrakkenEngine_Editor" */ = {
			isa = XCConfigurationList;
			buildConfigurations = (
				2E3520F41DAC208200642255 /* Debug */,
				2E3520F51DAC208200642255 /* Release */,
			);
			defaultConfigurationIsVisible = 0;
			defaultConfigurationName = Debug;
		};
		2EEC07F91D6B79AD00F1FF19 /* Build configuration list for PBXProject "DrakkenEngine" */ = {
			isa = XCConfigurationList;
			buildConfigurations = (
				2EEC08051D6B79AD00F1FF19 /* Debug */,
				2EEC08061D6B79AD00F1FF19 /* Release */,
			);
			defaultConfigurationIsVisible = 0;
			defaultConfigurationName = Debug;
		};
		2EEC08141D6B79DE00F1FF19 /* Build configuration list for PBXNativeTarget "DrakkenEngine_macOS" */ = {
			isa = XCConfigurationList;
			buildConfigurations = (
				2EEC08151D6B79DE00F1FF19 /* Debug */,
				2EEC08161D6B79DE00F1FF19 /* Release */,
			);
			defaultConfigurationIsVisible = 0;
			defaultConfigurationName = Debug;
		};
		2EEC08211D6B79EC00F1FF19 /* Build configuration list for PBXNativeTarget "DrakkenEngine_tvOS" */ = {
			isa = XCConfigurationList;
			buildConfigurations = (
				2EEC08221D6B79EC00F1FF19 /* Debug */,
				2EEC08231D6B79EC00F1FF19 /* Release */,
			);
			defaultConfigurationIsVisible = 0;
			defaultConfigurationName = Debug;
		};
		2EEC082E1D6B79FB00F1FF19 /* Build configuration list for PBXNativeTarget "DrakkenEngine_iOS" */ = {
			isa = XCConfigurationList;
			buildConfigurations = (
				2EEC082F1D6B79FB00F1FF19 /* Debug */,
				2EEC08301D6B79FB00F1FF19 /* Release */,
			);
			defaultConfigurationIsVisible = 0;
			defaultConfigurationName = Debug;
		};
/* End XCConfigurationList section */
	};
	rootObject = 2EEC07F61D6B79AD00F1FF19 /* Project object */;
}
