// !$*UTF8*$!
{
	archiveVersion = 1;
	classes = {
	};
	objectVersion = 46;
	objects = {

/* Begin PBXBuildFile section */
		2E0163211D0C815200012793 /* DKGScene.swift in Sources */ = {isa = PBXBuildFile; fileRef = 2E0163201D0C815200012793 /* DKGScene.swift */; };
		2E0163221D0C815200012793 /* DKGScene.swift in Sources */ = {isa = PBXBuildFile; fileRef = 2E0163201D0C815200012793 /* DKGScene.swift */; };
		2E0163231D0C815200012793 /* DKGScene.swift in Sources */ = {isa = PBXBuildFile; fileRef = 2E0163201D0C815200012793 /* DKGScene.swift */; };
		2E0163261D0C825A00012793 /* DKGActorBuilder.swift in Sources */ = {isa = PBXBuildFile; fileRef = 2E0163251D0C825A00012793 /* DKGActorBuilder.swift */; };
		2E0163271D0C825A00012793 /* DKGActorBuilder.swift in Sources */ = {isa = PBXBuildFile; fileRef = 2E0163251D0C825A00012793 /* DKGActorBuilder.swift */; };
		2E0163281D0C825A00012793 /* DKGActorBuilder.swift in Sources */ = {isa = PBXBuildFile; fileRef = 2E0163251D0C825A00012793 /* DKGActorBuilder.swift */; };
		2E01632A1D0C828200012793 /* DKGSceneBuilder.swift in Sources */ = {isa = PBXBuildFile; fileRef = 2E0163291D0C828200012793 /* DKGSceneBuilder.swift */; };
		2E01632B1D0C828200012793 /* DKGSceneBuilder.swift in Sources */ = {isa = PBXBuildFile; fileRef = 2E0163291D0C828200012793 /* DKGSceneBuilder.swift */; };
		2E01632C1D0C828200012793 /* DKGSceneBuilder.swift in Sources */ = {isa = PBXBuildFile; fileRef = 2E0163291D0C828200012793 /* DKGSceneBuilder.swift */; };
		2E01632F1D0C837600012793 /* DKGSceneManager.swift in Sources */ = {isa = PBXBuildFile; fileRef = 2E01632E1D0C837600012793 /* DKGSceneManager.swift */; };
		2E0163301D0C837600012793 /* DKGSceneManager.swift in Sources */ = {isa = PBXBuildFile; fileRef = 2E01632E1D0C837600012793 /* DKGSceneManager.swift */; };
		2E0163311D0C837600012793 /* DKGSceneManager.swift in Sources */ = {isa = PBXBuildFile; fileRef = 2E01632E1D0C837600012793 /* DKGSceneManager.swift */; };
		2E0163331D0C8EE300012793 /* DKGGameManager.swift in Sources */ = {isa = PBXBuildFile; fileRef = 2E0163321D0C8EE300012793 /* DKGGameManager.swift */; };
		2E0163341D0C8EE300012793 /* DKGGameManager.swift in Sources */ = {isa = PBXBuildFile; fileRef = 2E0163321D0C8EE300012793 /* DKGGameManager.swift */; };
		2E0163351D0C8EE300012793 /* DKGGameManager.swift in Sources */ = {isa = PBXBuildFile; fileRef = 2E0163321D0C8EE300012793 /* DKGGameManager.swift */; };
		2E0163371D0C924000012793 /* DKGComponentManager.swift in Sources */ = {isa = PBXBuildFile; fileRef = 2E0163361D0C924000012793 /* DKGComponentManager.swift */; };
		2E0163381D0C924000012793 /* DKGComponentManager.swift in Sources */ = {isa = PBXBuildFile; fileRef = 2E0163361D0C924000012793 /* DKGComponentManager.swift */; };
		2E0163391D0C924000012793 /* DKGComponentManager.swift in Sources */ = {isa = PBXBuildFile; fileRef = 2E0163361D0C924000012793 /* DKGComponentManager.swift */; };
		2E2449831D0FAE2B00CC9BFF /* DKError.swift in Sources */ = {isa = PBXBuildFile; fileRef = 2EF0A9BE1CE691920037DFAE /* DKError.swift */; };
		2E2449841D0FAE2B00CC9BFF /* DKError.swift in Sources */ = {isa = PBXBuildFile; fileRef = 2EF0A9BE1CE691920037DFAE /* DKError.swift */; };
		2E2449851D0FAE2C00CC9BFF /* DKError.swift in Sources */ = {isa = PBXBuildFile; fileRef = 2EF0A9BE1CE691920037DFAE /* DKError.swift */; };
		2E2449861D0FAE2E00CC9BFF /* DKMMath.swift in Sources */ = {isa = PBXBuildFile; fileRef = 2E313B901CF3A15E00DDBBB9 /* DKMMath.swift */; };
		2E2449871D0FAE2F00CC9BFF /* DKMMath.swift in Sources */ = {isa = PBXBuildFile; fileRef = 2E313B901CF3A15E00DDBBB9 /* DKMMath.swift */; };
		2E2449881D0FAE3000CC9BFF /* DKMMath.swift in Sources */ = {isa = PBXBuildFile; fileRef = 2E313B901CF3A15E00DDBBB9 /* DKMMath.swift */; };
		2E2449891D0FAE3A00CC9BFF /* DKRShader.swift in Sources */ = {isa = PBXBuildFile; fileRef = 2EF0A9A81CE5447C0037DFAE /* DKRShader.swift */; };
		2E24498A1D0FAE3A00CC9BFF /* DKRShader.swift in Sources */ = {isa = PBXBuildFile; fileRef = 2EF0A9A81CE5447C0037DFAE /* DKRShader.swift */; };
		2E24498B1D0FAE3B00CC9BFF /* DKRShader.swift in Sources */ = {isa = PBXBuildFile; fileRef = 2EF0A9A81CE5447C0037DFAE /* DKRShader.swift */; };
		2E24498C1D0FAE3D00CC9BFF /* DKRMaterial.swift in Sources */ = {isa = PBXBuildFile; fileRef = 2EB6E6AF1CED091D00ED45CC /* DKRMaterial.swift */; };
		2E24498D1D0FAE3E00CC9BFF /* DKRMaterial.swift in Sources */ = {isa = PBXBuildFile; fileRef = 2EB6E6AF1CED091D00ED45CC /* DKRMaterial.swift */; };
		2E24498E1D0FAE3F00CC9BFF /* DKRMaterial.swift in Sources */ = {isa = PBXBuildFile; fileRef = 2EB6E6AF1CED091D00ED45CC /* DKRMaterial.swift */; };
		2E24498F1D0FAE5800CC9BFF /* SharedUniforms.swift in Sources */ = {isa = PBXBuildFile; fileRef = 2E313B881CF3902B00DDBBB9 /* SharedUniforms.swift */; };
		2E2449901D0FAE5800CC9BFF /* DKRSpriteMaterial.swift in Sources */ = {isa = PBXBuildFile; fileRef = 2E313B831CF388F300DDBBB9 /* DKRSpriteMaterial.swift */; };
		2E2449911D0FAE5800CC9BFF /* DKRSpriteMaterial.metal in Sources */ = {isa = PBXBuildFile; fileRef = 2E313BA71CF507A300DDBBB9 /* DKRSpriteMaterial.metal */; };
		2E2449921D0FAE5800CC9BFF /* DKRDrawable.swift in Sources */ = {isa = PBXBuildFile; fileRef = 2E7817891CEE9B2900F55BE3 /* DKRDrawable.swift */; };
		2E2449931D0FAE5800CC9BFF /* DKRDrawableInstance.swift in Sources */ = {isa = PBXBuildFile; fileRef = 2E7817851CEE9B0700F55BE3 /* DKRDrawableInstance.swift */; };
		2E2449941D0FAE5800CC9BFF /* DKRQuad.swift in Sources */ = {isa = PBXBuildFile; fileRef = 2E7817961CEEA02500F55BE3 /* DKRQuad.swift */; };
		2E2449951D0FAE5800CC9BFF /* DKRGameView.swift in Sources */ = {isa = PBXBuildFile; fileRef = 2E313BAB1CF62AB000DDBBB9 /* DKRGameView.swift */; };
		2E2449961D0FAE5800CC9BFF /* DKRCamera.swift in Sources */ = {isa = PBXBuildFile; fileRef = 2E1F918E1CE537DB00C7E908 /* DKRCamera.swift */; };
		2E2449971D0FAE5800CC9BFF /* DKRScene.swift in Sources */ = {isa = PBXBuildFile; fileRef = 2E1F91951CE53D0200C7E908 /* DKRScene.swift */; };
		2E2449981D0FAE5800CC9BFF /* DKRSceneManager.swift in Sources */ = {isa = PBXBuildFile; fileRef = 2E86D6531D01F1A600C4BDBF /* DKRSceneManager.swift */; };
		2E2449991D0FAE5800CC9BFF /* DKRSceneBuilder.swift in Sources */ = {isa = PBXBuildFile; fileRef = 2E313B991CF4F5CB00DDBBB9 /* DKRSceneBuilder.swift */; };
		2E24499A1D0FAE5800CC9BFF /* DKRSceneGraph.swift in Sources */ = {isa = PBXBuildFile; fileRef = 2E313B951CF4F50000DDBBB9 /* DKRSceneGraph.swift */; };
		2E24499B1D0FAE5800CC9BFF /* DKRGraphRenderer.swift in Sources */ = {isa = PBXBuildFile; fileRef = 2E313B9D1CF505D900DDBBB9 /* DKRGraphRenderer.swift */; };
		2E24499C1D0FAE5800CC9BFF /* DKRSimpleRenderer.swift in Sources */ = {isa = PBXBuildFile; fileRef = 2E313BA21CF5064400DDBBB9 /* DKRSimpleRenderer.swift */; };
		2E24499D1D0FAE5800CC9BFF /* DKRCore.swift in Sources */ = {isa = PBXBuildFile; fileRef = 2E95FA1A1CE3C5BA00D52B72 /* DKRCore.swift */; };
		2E24499E1D0FAE5800CC9BFF /* DKRRenderer.swift in Sources */ = {isa = PBXBuildFile; fileRef = 2EF0A9D41CE6995F0037DFAE /* DKRRenderer.swift */; };
		2E24499F1D0FAE5800CC9BFF /* DKRRendererFactory.swift in Sources */ = {isa = PBXBuildFile; fileRef = 39058A740242EAFD7DB98956 /* DKRRendererFactory.swift */; };
		2E2449A01D0FAE5800CC9BFF /* DKRTransform.swift in Sources */ = {isa = PBXBuildFile; fileRef = 2E95FA471CE3EAAB00D52B72 /* DKRTransform.swift */; };
		2E2449A11D0FAE5800CC9BFF /* DKRTransformManager.swift in Sources */ = {isa = PBXBuildFile; fileRef = 2E01631C1D0B393500012793 /* DKRTransformManager.swift */; };
		2E2449A21D0FAE5800CC9BFF /* DKRBuffers.swift in Sources */ = {isa = PBXBuildFile; fileRef = 2E7817701CEE688900F55BE3 /* DKRBuffers.swift */; };
		2E2449A31D0FAE5800CC9BFF /* DKRBufferManager.swift in Sources */ = {isa = PBXBuildFile; fileRef = 2E7817741CEE6F0800F55BE3 /* DKRBufferManager.swift */; };
		2E2449A41D0FAE5800CC9BFF /* DKRTexture.swift in Sources */ = {isa = PBXBuildFile; fileRef = 2EB6E69F1CECEA7900ED45CC /* DKRTexture.swift */; };
		2E2449A51D0FAE5800CC9BFF /* DKRTextureManager.swift in Sources */ = {isa = PBXBuildFile; fileRef = 2E7817781CEE6FCB00F55BE3 /* DKRTextureManager.swift */; };
		2E2449A61D0FAE5800CC9BFF /* DKRTextureInstance.swift in Sources */ = {isa = PBXBuildFile; fileRef = 2E78178D1CEE9D5100F55BE3 /* DKRTextureInstance.swift */; };
		2E2449A71D0FAE5800CC9BFF /* SharedUniforms.swift in Sources */ = {isa = PBXBuildFile; fileRef = 2E313B881CF3902B00DDBBB9 /* SharedUniforms.swift */; };
		2E2449A81D0FAE5800CC9BFF /* DKRSpriteMaterial.swift in Sources */ = {isa = PBXBuildFile; fileRef = 2E313B831CF388F300DDBBB9 /* DKRSpriteMaterial.swift */; };
		2E2449A91D0FAE5800CC9BFF /* DKRSpriteMaterial.metal in Sources */ = {isa = PBXBuildFile; fileRef = 2E313BA71CF507A300DDBBB9 /* DKRSpriteMaterial.metal */; };
		2E2449AA1D0FAE5800CC9BFF /* DKRDrawable.swift in Sources */ = {isa = PBXBuildFile; fileRef = 2E7817891CEE9B2900F55BE3 /* DKRDrawable.swift */; };
		2E2449AB1D0FAE5800CC9BFF /* DKRDrawableInstance.swift in Sources */ = {isa = PBXBuildFile; fileRef = 2E7817851CEE9B0700F55BE3 /* DKRDrawableInstance.swift */; };
		2E2449AC1D0FAE5800CC9BFF /* DKRQuad.swift in Sources */ = {isa = PBXBuildFile; fileRef = 2E7817961CEEA02500F55BE3 /* DKRQuad.swift */; };
		2E2449AD1D0FAE5800CC9BFF /* DKRGameView.swift in Sources */ = {isa = PBXBuildFile; fileRef = 2E313BAB1CF62AB000DDBBB9 /* DKRGameView.swift */; };
		2E2449AE1D0FAE5800CC9BFF /* DKRCamera.swift in Sources */ = {isa = PBXBuildFile; fileRef = 2E1F918E1CE537DB00C7E908 /* DKRCamera.swift */; };
		2E2449AF1D0FAE5800CC9BFF /* DKRScene.swift in Sources */ = {isa = PBXBuildFile; fileRef = 2E1F91951CE53D0200C7E908 /* DKRScene.swift */; };
		2E2449B01D0FAE5800CC9BFF /* DKRSceneManager.swift in Sources */ = {isa = PBXBuildFile; fileRef = 2E86D6531D01F1A600C4BDBF /* DKRSceneManager.swift */; };
		2E2449B11D0FAE5800CC9BFF /* DKRSceneBuilder.swift in Sources */ = {isa = PBXBuildFile; fileRef = 2E313B991CF4F5CB00DDBBB9 /* DKRSceneBuilder.swift */; };
		2E2449B21D0FAE5800CC9BFF /* DKRSceneGraph.swift in Sources */ = {isa = PBXBuildFile; fileRef = 2E313B951CF4F50000DDBBB9 /* DKRSceneGraph.swift */; };
		2E2449B31D0FAE5800CC9BFF /* DKRGraphRenderer.swift in Sources */ = {isa = PBXBuildFile; fileRef = 2E313B9D1CF505D900DDBBB9 /* DKRGraphRenderer.swift */; };
		2E2449B41D0FAE5800CC9BFF /* DKRSimpleRenderer.swift in Sources */ = {isa = PBXBuildFile; fileRef = 2E313BA21CF5064400DDBBB9 /* DKRSimpleRenderer.swift */; };
		2E2449B51D0FAE5800CC9BFF /* DKRCore.swift in Sources */ = {isa = PBXBuildFile; fileRef = 2E95FA1A1CE3C5BA00D52B72 /* DKRCore.swift */; };
		2E2449B61D0FAE5800CC9BFF /* DKRRenderer.swift in Sources */ = {isa = PBXBuildFile; fileRef = 2EF0A9D41CE6995F0037DFAE /* DKRRenderer.swift */; };
		2E2449B71D0FAE5800CC9BFF /* DKRRendererFactory.swift in Sources */ = {isa = PBXBuildFile; fileRef = 39058A740242EAFD7DB98956 /* DKRRendererFactory.swift */; };
		2E2449B81D0FAE5800CC9BFF /* DKRTransform.swift in Sources */ = {isa = PBXBuildFile; fileRef = 2E95FA471CE3EAAB00D52B72 /* DKRTransform.swift */; };
		2E2449B91D0FAE5800CC9BFF /* DKRTransformManager.swift in Sources */ = {isa = PBXBuildFile; fileRef = 2E01631C1D0B393500012793 /* DKRTransformManager.swift */; };
		2E2449BA1D0FAE5800CC9BFF /* DKRBuffers.swift in Sources */ = {isa = PBXBuildFile; fileRef = 2E7817701CEE688900F55BE3 /* DKRBuffers.swift */; };
		2E2449BB1D0FAE5800CC9BFF /* DKRBufferManager.swift in Sources */ = {isa = PBXBuildFile; fileRef = 2E7817741CEE6F0800F55BE3 /* DKRBufferManager.swift */; };
		2E2449BC1D0FAE5800CC9BFF /* DKRTexture.swift in Sources */ = {isa = PBXBuildFile; fileRef = 2EB6E69F1CECEA7900ED45CC /* DKRTexture.swift */; };
		2E2449BD1D0FAE5800CC9BFF /* DKRTextureManager.swift in Sources */ = {isa = PBXBuildFile; fileRef = 2E7817781CEE6FCB00F55BE3 /* DKRTextureManager.swift */; };
		2E2449BE1D0FAE5800CC9BFF /* DKRTextureInstance.swift in Sources */ = {isa = PBXBuildFile; fileRef = 2E78178D1CEE9D5100F55BE3 /* DKRTextureInstance.swift */; };
		2E2449BF1D0FAE5900CC9BFF /* SharedUniforms.swift in Sources */ = {isa = PBXBuildFile; fileRef = 2E313B881CF3902B00DDBBB9 /* SharedUniforms.swift */; };
		2E2449C01D0FAE5900CC9BFF /* DKRSpriteMaterial.swift in Sources */ = {isa = PBXBuildFile; fileRef = 2E313B831CF388F300DDBBB9 /* DKRSpriteMaterial.swift */; };
		2E2449C11D0FAE5900CC9BFF /* DKRSpriteMaterial.metal in Sources */ = {isa = PBXBuildFile; fileRef = 2E313BA71CF507A300DDBBB9 /* DKRSpriteMaterial.metal */; };
		2E2449C21D0FAE5900CC9BFF /* DKRDrawable.swift in Sources */ = {isa = PBXBuildFile; fileRef = 2E7817891CEE9B2900F55BE3 /* DKRDrawable.swift */; };
		2E2449C31D0FAE5900CC9BFF /* DKRDrawableInstance.swift in Sources */ = {isa = PBXBuildFile; fileRef = 2E7817851CEE9B0700F55BE3 /* DKRDrawableInstance.swift */; };
		2E2449C41D0FAE5900CC9BFF /* DKRQuad.swift in Sources */ = {isa = PBXBuildFile; fileRef = 2E7817961CEEA02500F55BE3 /* DKRQuad.swift */; };
		2E2449C51D0FAE5900CC9BFF /* DKRGameView.swift in Sources */ = {isa = PBXBuildFile; fileRef = 2E313BAB1CF62AB000DDBBB9 /* DKRGameView.swift */; };
		2E2449C61D0FAE5900CC9BFF /* DKRCamera.swift in Sources */ = {isa = PBXBuildFile; fileRef = 2E1F918E1CE537DB00C7E908 /* DKRCamera.swift */; };
		2E2449C71D0FAE5900CC9BFF /* DKRScene.swift in Sources */ = {isa = PBXBuildFile; fileRef = 2E1F91951CE53D0200C7E908 /* DKRScene.swift */; };
		2E2449C81D0FAE5900CC9BFF /* DKRSceneManager.swift in Sources */ = {isa = PBXBuildFile; fileRef = 2E86D6531D01F1A600C4BDBF /* DKRSceneManager.swift */; };
		2E2449C91D0FAE5900CC9BFF /* DKRSceneBuilder.swift in Sources */ = {isa = PBXBuildFile; fileRef = 2E313B991CF4F5CB00DDBBB9 /* DKRSceneBuilder.swift */; };
		2E2449CA1D0FAE5900CC9BFF /* DKRSceneGraph.swift in Sources */ = {isa = PBXBuildFile; fileRef = 2E313B951CF4F50000DDBBB9 /* DKRSceneGraph.swift */; };
		2E2449CB1D0FAE5900CC9BFF /* DKRGraphRenderer.swift in Sources */ = {isa = PBXBuildFile; fileRef = 2E313B9D1CF505D900DDBBB9 /* DKRGraphRenderer.swift */; };
		2E2449CC1D0FAE5900CC9BFF /* DKRSimpleRenderer.swift in Sources */ = {isa = PBXBuildFile; fileRef = 2E313BA21CF5064400DDBBB9 /* DKRSimpleRenderer.swift */; };
		2E2449CD1D0FAE5900CC9BFF /* DKRCore.swift in Sources */ = {isa = PBXBuildFile; fileRef = 2E95FA1A1CE3C5BA00D52B72 /* DKRCore.swift */; };
		2E2449CE1D0FAE5900CC9BFF /* DKRRenderer.swift in Sources */ = {isa = PBXBuildFile; fileRef = 2EF0A9D41CE6995F0037DFAE /* DKRRenderer.swift */; };
		2E2449CF1D0FAE5900CC9BFF /* DKRRendererFactory.swift in Sources */ = {isa = PBXBuildFile; fileRef = 39058A740242EAFD7DB98956 /* DKRRendererFactory.swift */; };
		2E2449D01D0FAE5900CC9BFF /* DKRTransform.swift in Sources */ = {isa = PBXBuildFile; fileRef = 2E95FA471CE3EAAB00D52B72 /* DKRTransform.swift */; };
		2E2449D11D0FAE5900CC9BFF /* DKRTransformManager.swift in Sources */ = {isa = PBXBuildFile; fileRef = 2E01631C1D0B393500012793 /* DKRTransformManager.swift */; };
		2E2449D21D0FAE5900CC9BFF /* DKRBuffers.swift in Sources */ = {isa = PBXBuildFile; fileRef = 2E7817701CEE688900F55BE3 /* DKRBuffers.swift */; };
		2E2449D31D0FAE5900CC9BFF /* DKRBufferManager.swift in Sources */ = {isa = PBXBuildFile; fileRef = 2E7817741CEE6F0800F55BE3 /* DKRBufferManager.swift */; };
		2E2449D41D0FAE5900CC9BFF /* DKRTexture.swift in Sources */ = {isa = PBXBuildFile; fileRef = 2EB6E69F1CECEA7900ED45CC /* DKRTexture.swift */; };
		2E2449D51D0FAE5900CC9BFF /* DKRTextureManager.swift in Sources */ = {isa = PBXBuildFile; fileRef = 2E7817781CEE6FCB00F55BE3 /* DKRTextureManager.swift */; };
		2E2449D61D0FAE5900CC9BFF /* DKRTextureInstance.swift in Sources */ = {isa = PBXBuildFile; fileRef = 2E78178D1CEE9D5100F55BE3 /* DKRTextureInstance.swift */; };
		2E86E5901D0DDF2500F90DFA /* DKGame.swift in Sources */ = {isa = PBXBuildFile; fileRef = 2E86E58F1D0DDF2500F90DFA /* DKGame.swift */; };
		2E86E5911D0DDF2500F90DFA /* DKGame.swift in Sources */ = {isa = PBXBuildFile; fileRef = 2E86E58F1D0DDF2500F90DFA /* DKGame.swift */; };
		2E86E5921D0DDF2500F90DFA /* DKGame.swift in Sources */ = {isa = PBXBuildFile; fileRef = 2E86E58F1D0DDF2500F90DFA /* DKGame.swift */; };
		2EB4FA8F1D060AF300D43351 /* DrakkenKit_OSX.h in Headers */ = {isa = PBXBuildFile; fileRef = 2EB4FA8E1D060AF300D43351 /* DrakkenKit_OSX.h */; settings = {ATTRIBUTES = (Public, ); }; };
		2EB4FA9C1D060B3100D43351 /* DrakkenKit_tvOS.h in Headers */ = {isa = PBXBuildFile; fileRef = 2EB4FA9B1D060B3100D43351 /* DrakkenKit_tvOS.h */; settings = {ATTRIBUTES = (Public, ); }; };
		2EB4FAA91D060B4200D43351 /* DrakkenKit_iOS.h in Headers */ = {isa = PBXBuildFile; fileRef = 2EB4FAA81D060B4200D43351 /* DrakkenKit_iOS.h */; settings = {ATTRIBUTES = (Public, ); }; };
		2EB4FAB71D077BC000D43351 /* DKGComponent.swift in Sources */ = {isa = PBXBuildFile; fileRef = 2EB4FAB61D077BC000D43351 /* DKGComponent.swift */; };
		2EB4FAB81D077BC000D43351 /* DKGComponent.swift in Sources */ = {isa = PBXBuildFile; fileRef = 2EB4FAB61D077BC000D43351 /* DKGComponent.swift */; };
		2EB4FAB91D077BC000D43351 /* DKGComponent.swift in Sources */ = {isa = PBXBuildFile; fileRef = 2EB4FAB61D077BC000D43351 /* DKGComponent.swift */; };
		2EB4FABB1D07800900D43351 /* DKGActor.swift in Sources */ = {isa = PBXBuildFile; fileRef = 2EB4FABA1D07800900D43351 /* DKGActor.swift */; };
		2EB4FABC1D07800900D43351 /* DKGActor.swift in Sources */ = {isa = PBXBuildFile; fileRef = 2EB4FABA1D07800900D43351 /* DKGActor.swift */; };
		2EB4FABD1D07800900D43351 /* DKGActor.swift in Sources */ = {isa = PBXBuildFile; fileRef = 2EB4FABA1D07800900D43351 /* DKGActor.swift */; };
		2EB4FABF1D07803400D43351 /* DKGBehavior.swift in Sources */ = {isa = PBXBuildFile; fileRef = 2EB4FABE1D07803400D43351 /* DKGBehavior.swift */; };
		2EB4FAC01D07803400D43351 /* DKGBehavior.swift in Sources */ = {isa = PBXBuildFile; fileRef = 2EB4FABE1D07803400D43351 /* DKGBehavior.swift */; };
		2EB4FAC11D07803400D43351 /* DKGBehavior.swift in Sources */ = {isa = PBXBuildFile; fileRef = 2EB4FABE1D07803400D43351 /* DKGBehavior.swift */; };
		2EB4FAC41D08D8FC00D43351 /* DKGSpriteSheet.swift in Sources */ = {isa = PBXBuildFile; fileRef = 2EB4FAC31D08D8FC00D43351 /* DKGSpriteSheet.swift */; };
		2EB4FAC51D08D8FC00D43351 /* DKGSpriteSheet.swift in Sources */ = {isa = PBXBuildFile; fileRef = 2EB4FAC31D08D8FC00D43351 /* DKGSpriteSheet.swift */; };
		2EB4FAC61D08D8FC00D43351 /* DKGSpriteSheet.swift in Sources */ = {isa = PBXBuildFile; fileRef = 2EB4FAC31D08D8FC00D43351 /* DKGSpriteSheet.swift */; };
		2EB4FAC81D08D98100D43351 /* DKGSprite.swift in Sources */ = {isa = PBXBuildFile; fileRef = 2EB4FAC71D08D98100D43351 /* DKGSprite.swift */; };
		2EB4FAC91D08D98100D43351 /* DKGSprite.swift in Sources */ = {isa = PBXBuildFile; fileRef = 2EB4FAC71D08D98100D43351 /* DKGSprite.swift */; };
		2EB4FACA1D08D98100D43351 /* DKGSprite.swift in Sources */ = {isa = PBXBuildFile; fileRef = 2EB4FAC71D08D98100D43351 /* DKGSprite.swift */; };
		2EF911DD1D18799F00A5310F /* Metal.framework in Frameworks */ = {isa = PBXBuildFile; fileRef = 2E8AF0321CF6370D00ACB5BC /* Metal.framework */; };
		2EF911DE1D18799F00A5310F /* MetalKit.framework in Frameworks */ = {isa = PBXBuildFile; fileRef = 2E8AF0331CF6370D00ACB5BC /* MetalKit.framework */; };
		2EF911DF1D1879A300A5310F /* Metal.framework in Frameworks */ = {isa = PBXBuildFile; fileRef = 2E8AF0321CF6370D00ACB5BC /* Metal.framework */; };
		2EF911E01D1879A300A5310F /* MetalKit.framework in Frameworks */ = {isa = PBXBuildFile; fileRef = 2E8AF0331CF6370D00ACB5BC /* MetalKit.framework */; };
		2EF911E11D1879A500A5310F /* Metal.framework in Frameworks */ = {isa = PBXBuildFile; fileRef = 2E8AF0321CF6370D00ACB5BC /* Metal.framework */; };
		2EF911E21D1879A500A5310F /* MetalKit.framework in Frameworks */ = {isa = PBXBuildFile; fileRef = 2E8AF0331CF6370D00ACB5BC /* MetalKit.framework */; };
/* End PBXBuildFile section */

/* Begin PBXFileReference section */
		2E01631C1D0B393500012793 /* DKRTransformManager.swift */ = {isa = PBXFileReference; fileEncoding = 4; lastKnownFileType = sourcecode.swift; path = DKRTransformManager.swift; sourceTree = "<group>"; };
		2E0163201D0C815200012793 /* DKGScene.swift */ = {isa = PBXFileReference; fileEncoding = 4; lastKnownFileType = sourcecode.swift; path = DKGScene.swift; sourceTree = "<group>"; };
		2E0163251D0C825A00012793 /* DKGActorBuilder.swift */ = {isa = PBXFileReference; fileEncoding = 4; lastKnownFileType = sourcecode.swift; path = DKGActorBuilder.swift; sourceTree = "<group>"; };
		2E0163291D0C828200012793 /* DKGSceneBuilder.swift */ = {isa = PBXFileReference; fileEncoding = 4; lastKnownFileType = sourcecode.swift; path = DKGSceneBuilder.swift; sourceTree = "<group>"; };
		2E01632E1D0C837600012793 /* DKGSceneManager.swift */ = {isa = PBXFileReference; fileEncoding = 4; lastKnownFileType = sourcecode.swift; path = DKGSceneManager.swift; sourceTree = "<group>"; };
		2E0163321D0C8EE300012793 /* DKGGameManager.swift */ = {isa = PBXFileReference; fileEncoding = 4; lastKnownFileType = sourcecode.swift; path = DKGGameManager.swift; sourceTree = "<group>"; };
		2E0163361D0C924000012793 /* DKGComponentManager.swift */ = {isa = PBXFileReference; fileEncoding = 4; lastKnownFileType = sourcecode.swift; path = DKGComponentManager.swift; sourceTree = "<group>"; };
		2E1F918E1CE537DB00C7E908 /* DKRCamera.swift */ = {isa = PBXFileReference; fileEncoding = 4; lastKnownFileType = sourcecode.swift; path = DKRCamera.swift; sourceTree = "<group>"; };
		2E1F91951CE53D0200C7E908 /* DKRScene.swift */ = {isa = PBXFileReference; fileEncoding = 4; lastKnownFileType = sourcecode.swift; path = DKRScene.swift; sourceTree = "<group>"; };
		2E313B831CF388F300DDBBB9 /* DKRSpriteMaterial.swift */ = {isa = PBXFileReference; fileEncoding = 4; lastKnownFileType = sourcecode.swift; path = DKRSpriteMaterial.swift; sourceTree = "<group>"; };
		2E313B881CF3902B00DDBBB9 /* SharedUniforms.swift */ = {isa = PBXFileReference; fileEncoding = 4; lastKnownFileType = sourcecode.swift; name = SharedUniforms.swift; path = DKRender/SharedUniforms.swift; sourceTree = SOURCE_ROOT; };
		2E313B901CF3A15E00DDBBB9 /* DKMMath.swift */ = {isa = PBXFileReference; fileEncoding = 4; lastKnownFileType = sourcecode.swift; path = DKMMath.swift; sourceTree = "<group>"; };
		2E313B951CF4F50000DDBBB9 /* DKRSceneGraph.swift */ = {isa = PBXFileReference; fileEncoding = 4; lastKnownFileType = sourcecode.swift; path = DKRSceneGraph.swift; sourceTree = "<group>"; };
		2E313B991CF4F5CB00DDBBB9 /* DKRSceneBuilder.swift */ = {isa = PBXFileReference; fileEncoding = 4; lastKnownFileType = sourcecode.swift; path = DKRSceneBuilder.swift; sourceTree = "<group>"; };
		2E313B9D1CF505D900DDBBB9 /* DKRGraphRenderer.swift */ = {isa = PBXFileReference; fileEncoding = 4; lastKnownFileType = sourcecode.swift; path = DKRGraphRenderer.swift; sourceTree = "<group>"; };
		2E313BA21CF5064400DDBBB9 /* DKRSimpleRenderer.swift */ = {isa = PBXFileReference; fileEncoding = 4; lastKnownFileType = sourcecode.swift; path = DKRSimpleRenderer.swift; sourceTree = "<group>"; };
		2E313BA71CF507A300DDBBB9 /* DKRSpriteMaterial.metal */ = {isa = PBXFileReference; fileEncoding = 4; lastKnownFileType = sourcecode.metal; path = DKRSpriteMaterial.metal; sourceTree = "<group>"; };
		2E313BAB1CF62AB000DDBBB9 /* DKRGameView.swift */ = {isa = PBXFileReference; fileEncoding = 4; lastKnownFileType = sourcecode.swift; path = DKRGameView.swift; sourceTree = "<group>"; };
		2E7817701CEE688900F55BE3 /* DKRBuffers.swift */ = {isa = PBXFileReference; fileEncoding = 4; lastKnownFileType = sourcecode.swift; path = DKRBuffers.swift; sourceTree = "<group>"; };
		2E7817741CEE6F0800F55BE3 /* DKRBufferManager.swift */ = {isa = PBXFileReference; fileEncoding = 4; lastKnownFileType = sourcecode.swift; path = DKRBufferManager.swift; sourceTree = "<group>"; };
		2E7817781CEE6FCB00F55BE3 /* DKRTextureManager.swift */ = {isa = PBXFileReference; fileEncoding = 4; lastKnownFileType = sourcecode.swift; path = DKRTextureManager.swift; sourceTree = "<group>"; };
		2E7817851CEE9B0700F55BE3 /* DKRDrawableInstance.swift */ = {isa = PBXFileReference; fileEncoding = 4; lastKnownFileType = sourcecode.swift; path = DKRDrawableInstance.swift; sourceTree = "<group>"; };
		2E7817891CEE9B2900F55BE3 /* DKRDrawable.swift */ = {isa = PBXFileReference; fileEncoding = 4; lastKnownFileType = sourcecode.swift; path = DKRDrawable.swift; sourceTree = "<group>"; };
		2E78178D1CEE9D5100F55BE3 /* DKRTextureInstance.swift */ = {isa = PBXFileReference; fileEncoding = 4; lastKnownFileType = sourcecode.swift; path = DKRTextureInstance.swift; sourceTree = "<group>"; };
		2E7817961CEEA02500F55BE3 /* DKRQuad.swift */ = {isa = PBXFileReference; fileEncoding = 4; lastKnownFileType = sourcecode.swift; path = DKRQuad.swift; sourceTree = "<group>"; };
		2E86D6531D01F1A600C4BDBF /* DKRSceneManager.swift */ = {isa = PBXFileReference; fileEncoding = 4; lastKnownFileType = sourcecode.swift; path = DKRSceneManager.swift; sourceTree = "<group>"; };
		2E86E58F1D0DDF2500F90DFA /* DKGame.swift */ = {isa = PBXFileReference; fileEncoding = 4; lastKnownFileType = sourcecode.swift; path = DKGame.swift; sourceTree = "<group>"; };
		2E8AF0321CF6370D00ACB5BC /* Metal.framework */ = {isa = PBXFileReference; lastKnownFileType = wrapper.framework; name = Metal.framework; path = System/Library/Frameworks/Metal.framework; sourceTree = SDKROOT; };
		2E8AF0331CF6370D00ACB5BC /* MetalKit.framework */ = {isa = PBXFileReference; lastKnownFileType = wrapper.framework; name = MetalKit.framework; path = System/Library/Frameworks/MetalKit.framework; sourceTree = SDKROOT; };
		2E95FA1A1CE3C5BA00D52B72 /* DKRCore.swift */ = {isa = PBXFileReference; fileEncoding = 4; lastKnownFileType = sourcecode.swift; path = DKRCore.swift; sourceTree = "<group>"; };
		2E95FA471CE3EAAB00D52B72 /* DKRTransform.swift */ = {isa = PBXFileReference; fileEncoding = 4; lastKnownFileType = sourcecode.swift; name = DKRTransform.swift; path = ../DKMath/DKRTransform.swift; sourceTree = "<group>"; };
		2EB4FA8C1D060AF300D43351 /* DrakkenKit.framework */ = {isa = PBXFileReference; explicitFileType = wrapper.framework; includeInIndex = 0; path = DrakkenKit.framework; sourceTree = BUILT_PRODUCTS_DIR; };
		2EB4FA8E1D060AF300D43351 /* DrakkenKit_OSX.h */ = {isa = PBXFileReference; lastKnownFileType = sourcecode.c.h; path = DrakkenKit_OSX.h; sourceTree = "<group>"; };
		2EB4FA901D060AF300D43351 /* Info.plist */ = {isa = PBXFileReference; lastKnownFileType = text.plist.xml; path = Info.plist; sourceTree = "<group>"; };
		2EB4FA991D060B3100D43351 /* DrakkenKit.framework */ = {isa = PBXFileReference; explicitFileType = wrapper.framework; includeInIndex = 0; path = DrakkenKit.framework; sourceTree = BUILT_PRODUCTS_DIR; };
		2EB4FA9B1D060B3100D43351 /* DrakkenKit_tvOS.h */ = {isa = PBXFileReference; lastKnownFileType = sourcecode.c.h; path = DrakkenKit_tvOS.h; sourceTree = "<group>"; };
		2EB4FA9D1D060B3100D43351 /* Info.plist */ = {isa = PBXFileReference; lastKnownFileType = text.plist.xml; path = Info.plist; sourceTree = "<group>"; };
		2EB4FAA61D060B4200D43351 /* DrakkenKit.framework */ = {isa = PBXFileReference; explicitFileType = wrapper.framework; includeInIndex = 0; path = DrakkenKit.framework; sourceTree = BUILT_PRODUCTS_DIR; };
		2EB4FAA81D060B4200D43351 /* DrakkenKit_iOS.h */ = {isa = PBXFileReference; lastKnownFileType = sourcecode.c.h; path = DrakkenKit_iOS.h; sourceTree = "<group>"; };
		2EB4FAAA1D060B4200D43351 /* Info.plist */ = {isa = PBXFileReference; lastKnownFileType = text.plist.xml; path = Info.plist; sourceTree = "<group>"; };
		2EB4FAB61D077BC000D43351 /* DKGComponent.swift */ = {isa = PBXFileReference; fileEncoding = 4; lastKnownFileType = sourcecode.swift; path = DKGComponent.swift; sourceTree = "<group>"; };
		2EB4FABA1D07800900D43351 /* DKGActor.swift */ = {isa = PBXFileReference; fileEncoding = 4; lastKnownFileType = sourcecode.swift; path = DKGActor.swift; sourceTree = "<group>"; };
		2EB4FABE1D07803400D43351 /* DKGBehavior.swift */ = {isa = PBXFileReference; fileEncoding = 4; lastKnownFileType = sourcecode.swift; path = DKGBehavior.swift; sourceTree = "<group>"; };
		2EB4FAC31D08D8FC00D43351 /* DKGSpriteSheet.swift */ = {isa = PBXFileReference; fileEncoding = 4; lastKnownFileType = sourcecode.swift; path = DKGSpriteSheet.swift; sourceTree = "<group>"; };
		2EB4FAC71D08D98100D43351 /* DKGSprite.swift */ = {isa = PBXFileReference; fileEncoding = 4; lastKnownFileType = sourcecode.swift; path = DKGSprite.swift; sourceTree = "<group>"; };
		2EB6E69F1CECEA7900ED45CC /* DKRTexture.swift */ = {isa = PBXFileReference; fileEncoding = 4; lastKnownFileType = sourcecode.swift; path = DKRTexture.swift; sourceTree = "<group>"; };
		2EB6E6AF1CED091D00ED45CC /* DKRMaterial.swift */ = {isa = PBXFileReference; fileEncoding = 4; lastKnownFileType = sourcecode.swift; path = DKRMaterial.swift; sourceTree = "<group>"; };
		2EF0A9A81CE5447C0037DFAE /* DKRShader.swift */ = {isa = PBXFileReference; fileEncoding = 4; lastKnownFileType = sourcecode.swift; path = DKRShader.swift; sourceTree = "<group>"; };
		2EF0A9BE1CE691920037DFAE /* DKError.swift */ = {isa = PBXFileReference; fileEncoding = 4; lastKnownFileType = sourcecode.swift; path = DKError.swift; sourceTree = "<group>"; };
		2EF0A9D41CE6995F0037DFAE /* DKRRenderer.swift */ = {isa = PBXFileReference; fileEncoding = 4; lastKnownFileType = sourcecode.swift; path = DKRRenderer.swift; sourceTree = "<group>"; };
		39058A740242EAFD7DB98956 /* DKRRendererFactory.swift */ = {isa = PBXFileReference; fileEncoding = 4; lastKnownFileType = sourcecode.swift; path = DKRRendererFactory.swift; sourceTree = "<group>"; };
/* End PBXFileReference section */

/* Begin PBXFrameworksBuildPhase section */
		2EB4FA881D060AF300D43351 /* Frameworks */ = {
			isa = PBXFrameworksBuildPhase;
			buildActionMask = 2147483647;
			files = (
				2EF911DD1D18799F00A5310F /* Metal.framework in Frameworks */,
				2EF911DE1D18799F00A5310F /* MetalKit.framework in Frameworks */,
			);
			runOnlyForDeploymentPostprocessing = 0;
		};
		2EB4FA951D060B3100D43351 /* Frameworks */ = {
			isa = PBXFrameworksBuildPhase;
			buildActionMask = 2147483647;
			files = (
				2EF911DF1D1879A300A5310F /* Metal.framework in Frameworks */,
				2EF911E01D1879A300A5310F /* MetalKit.framework in Frameworks */,
			);
			runOnlyForDeploymentPostprocessing = 0;
		};
		2EB4FAA21D060B4200D43351 /* Frameworks */ = {
			isa = PBXFrameworksBuildPhase;
			buildActionMask = 2147483647;
			files = (
				2EF911E11D1879A500A5310F /* Metal.framework in Frameworks */,
				2EF911E21D1879A500A5310F /* MetalKit.framework in Frameworks */,
			);
			runOnlyForDeploymentPostprocessing = 0;
		};
/* End PBXFrameworksBuildPhase section */

/* Begin PBXGroup section */
		2E0163181D0B38DC00012793 /* Transform */ = {
			isa = PBXGroup;
			children = (
				2E95FA471CE3EAAB00D52B72 /* DKRTransform.swift */,
				2E01631C1D0B393500012793 /* DKRTransformManager.swift */,
			);
			name = Transform;
			sourceTree = "<group>";
		};
		2E0163241D0C824000012793 /* Builders */ = {
			isa = PBXGroup;
			children = (
				2E0163251D0C825A00012793 /* DKGActorBuilder.swift */,
				2E0163291D0C828200012793 /* DKGSceneBuilder.swift */,
			);
			name = Builders;
			sourceTree = "<group>";
		};
		2E01632D1D0C836600012793 /* Managers */ = {
			isa = PBXGroup;
			children = (
				2E0163321D0C8EE300012793 /* DKGGameManager.swift */,
				2E01632E1D0C837600012793 /* DKGSceneManager.swift */,
				2E0163361D0C924000012793 /* DKGComponentManager.swift */,
			);
			name = Managers;
			sourceTree = "<group>";
		};
		2E313B811CF388B900DDBBB9 /* Materials */ = {
			isa = PBXGroup;
			children = (
				2EF0A9A81CE5447C0037DFAE /* DKRShader.swift */,
				2EB6E6AF1CED091D00ED45CC /* DKRMaterial.swift */,
				2E313B871CF38FF200DDBBB9 /* Shader Uniforms */,
				2E313B821CF388D500DDBBB9 /* Prefabs */,
				2E313BA61CF506F100DDBBB9 /* *.metal */,
			);
			name = Materials;
			sourceTree = "<group>";
		};
		2E313B821CF388D500DDBBB9 /* Prefabs */ = {
			isa = PBXGroup;
			children = (
				2E313B831CF388F300DDBBB9 /* DKRSpriteMaterial.swift */,
			);
			name = Prefabs;
			sourceTree = "<group>";
		};
		2E313B871CF38FF200DDBBB9 /* Shader Uniforms */ = {
			isa = PBXGroup;
			children = (
				2E313B881CF3902B00DDBBB9 /* SharedUniforms.swift */,
			);
			name = "Shader Uniforms";
			path = ../Shared;
			sourceTree = "<group>";
		};
		2E313B941CF4F4E300DDBBB9 /* Graph */ = {
			isa = PBXGroup;
			children = (
				2E313B951CF4F50000DDBBB9 /* DKRSceneGraph.swift */,
				2E313B9D1CF505D900DDBBB9 /* DKRGraphRenderer.swift */,
				2E313BA11CF5062E00DDBBB9 /* Renderers */,
			);
			name = Graph;
			sourceTree = "<group>";
		};
		2E313BA11CF5062E00DDBBB9 /* Renderers */ = {
			isa = PBXGroup;
			children = (
				2E313BA21CF5064400DDBBB9 /* DKRSimpleRenderer.swift */,
			);
			name = Renderers;
			sourceTree = "<group>";
		};
		2E313BA61CF506F100DDBBB9 /* *.metal */ = {
			isa = PBXGroup;
			children = (
				2E313BA71CF507A300DDBBB9 /* DKRSpriteMaterial.metal */,
			);
			name = "*.metal";
			sourceTree = "<group>";
		};
		2E78177C1CEE6FD100F55BE3 /* Texture */ = {
			isa = PBXGroup;
			children = (
				2EB6E69F1CECEA7900ED45CC /* DKRTexture.swift */,
				2E7817781CEE6FCB00F55BE3 /* DKRTextureManager.swift */,
				2E78178D1CEE9D5100F55BE3 /* DKRTextureInstance.swift */,
			);
			name = Texture;
			sourceTree = "<group>";
		};
		2E78177D1CEE6FD800F55BE3 /* Buffer */ = {
			isa = PBXGroup;
			children = (
				2E7817701CEE688900F55BE3 /* DKRBuffers.swift */,
				2E7817741CEE6F0800F55BE3 /* DKRBufferManager.swift */,
			);
			name = Buffer;
			sourceTree = "<group>";
		};
		2E78177E1CEE6FEA00F55BE3 /* Core */ = {
			isa = PBXGroup;
			children = (
				2E95FA1A1CE3C5BA00D52B72 /* DKRCore.swift */,
				2EF0A9D41CE6995F0037DFAE /* DKRRenderer.swift */,
				39058A740242EAFD7DB98956 /* DKRRendererFactory.swift */,
			);
			name = Core;
			sourceTree = "<group>";
		};
		2E78177F1CEE6FFF00F55BE3 /* Render */ = {
			isa = PBXGroup;
			children = (
				2E313BAB1CF62AB000DDBBB9 /* DKRGameView.swift */,
				2E1F918E1CE537DB00C7E908 /* DKRCamera.swift */,
				2E1F91951CE53D0200C7E908 /* DKRScene.swift */,
				2E86D6531D01F1A600C4BDBF /* DKRSceneManager.swift */,
				2E313B991CF4F5CB00DDBBB9 /* DKRSceneBuilder.swift */,
				2E313B941CF4F4E300DDBBB9 /* Graph */,
			);
			name = Render;
			sourceTree = "<group>";
		};
		2E7817841CEE9AF500F55BE3 /* Drawable */ = {
			isa = PBXGroup;
			children = (
				2E7817891CEE9B2900F55BE3 /* DKRDrawable.swift */,
				2E7817851CEE9B0700F55BE3 /* DKRDrawableInstance.swift */,
				2E7817951CEEA00A00F55BE3 /* Prefabs */,
			);
			name = Drawable;
			sourceTree = "<group>";
		};
		2E7817951CEEA00A00F55BE3 /* Prefabs */ = {
			isa = PBXGroup;
			children = (
				2E7817961CEEA02500F55BE3 /* DKRQuad.swift */,
			);
			name = Prefabs;
			sourceTree = "<group>";
		};
		2E86E58E1D0DDF0D00F90DFA /* Game Engine */ = {
			isa = PBXGroup;
			children = (
				2E86E58F1D0DDF2500F90DFA /* DKGame.swift */,
			);
			name = "Game Engine";
			sourceTree = "<group>";
		};
		2E95F9DD1CE3C47500D52B72 = {
			isa = PBXGroup;
			children = (
				2E95FA451CE3EA4100D52B72 /* Frameworks */,
				2EF0A9B41CE68FFB0037DFAE /* Shared */,
				2E95FA461CE3EA7700D52B72 /* DKMath */,
				2EB4FAB41D06137B00D43351 /* DKGame */,
				2E95FA191CE3C57200D52B72 /* DKRender */,
				2E95F9E81CE3C47500D52B72 /* Products */,
			);
			sourceTree = "<group>";
		};
		2E95F9E81CE3C47500D52B72 /* Products */ = {
			isa = PBXGroup;
			children = (
				2EB4FA8C1D060AF300D43351 /* DrakkenKit.framework */,
				2EB4FA991D060B3100D43351 /* DrakkenKit.framework */,
				2EB4FAA61D060B4200D43351 /* DrakkenKit.framework */,
			);
			name = Products;
			sourceTree = "<group>";
		};
		2E95FA191CE3C57200D52B72 /* DKRender */ = {
			isa = PBXGroup;
			children = (
				2E313B811CF388B900DDBBB9 /* Materials */,
				2E7817841CEE9AF500F55BE3 /* Drawable */,
				2E78177F1CEE6FFF00F55BE3 /* Render */,
				2E78177E1CEE6FEA00F55BE3 /* Core */,
				2E0163181D0B38DC00012793 /* Transform */,
				2E78177D1CEE6FD800F55BE3 /* Buffer */,
				2E78177C1CEE6FD100F55BE3 /* Texture */,
			);
			path = DKRender;
			sourceTree = "<group>";
		};
		2E95FA451CE3EA4100D52B72 /* Frameworks */ = {
			isa = PBXGroup;
			children = (
				2E8AF0321CF6370D00ACB5BC /* Metal.framework */,
				2E8AF0331CF6370D00ACB5BC /* MetalKit.framework */,
				2EB4FA8D1D060AF300D43351 /* DrakkenKit_OSX */,
				2EB4FA9A1D060B3100D43351 /* DrakkenKit_tvOS */,
				2EB4FAA71D060B4200D43351 /* DrakkenKit_iOS */,
			);
			name = Frameworks;
			sourceTree = "<group>";
		};
		2E95FA461CE3EA7700D52B72 /* DKMath */ = {
			isa = PBXGroup;
			children = (
				2E313B901CF3A15E00DDBBB9 /* DKMMath.swift */,
			);
			path = DKMath;
			sourceTree = "<group>";
		};
		2EB4FA8D1D060AF300D43351 /* DrakkenKit_OSX */ = {
			isa = PBXGroup;
			children = (
				2EB4FA8E1D060AF300D43351 /* DrakkenKit_OSX.h */,
				2EB4FA901D060AF300D43351 /* Info.plist */,
			);
			path = DrakkenKit_OSX;
			sourceTree = "<group>";
		};
		2EB4FA9A1D060B3100D43351 /* DrakkenKit_tvOS */ = {
			isa = PBXGroup;
			children = (
				2EB4FA9B1D060B3100D43351 /* DrakkenKit_tvOS.h */,
				2EB4FA9D1D060B3100D43351 /* Info.plist */,
			);
			path = DrakkenKit_tvOS;
			sourceTree = "<group>";
		};
		2EB4FAA71D060B4200D43351 /* DrakkenKit_iOS */ = {
			isa = PBXGroup;
			children = (
				2EB4FAA81D060B4200D43351 /* DrakkenKit_iOS.h */,
				2EB4FAAA1D060B4200D43351 /* Info.plist */,
			);
			path = DrakkenKit_iOS;
			sourceTree = "<group>";
		};
		2EB4FAB41D06137B00D43351 /* DKGame */ = {
			isa = PBXGroup;
			children = (
				2E86E58E1D0DDF0D00F90DFA /* Game Engine */,
				2E01632D1D0C836600012793 /* Managers */,
				2E0163241D0C824000012793 /* Builders */,
				2EB4FAB51D07729100D43351 /* Components */,
				2EB4FAC21D08D8B800D43351 /* Sprite */,
			);
			path = DKGame;
			sourceTree = "<group>";
		};
		2EB4FAB51D07729100D43351 /* Components */ = {
			isa = PBXGroup;
			children = (
				2E0163201D0C815200012793 /* DKGScene.swift */,
				2EB4FABE1D07803400D43351 /* DKGBehavior.swift */,
				2EB4FAB61D077BC000D43351 /* DKGComponent.swift */,
				2EB4FABA1D07800900D43351 /* DKGActor.swift */,
			);
			name = Components;
			sourceTree = "<group>";
		};
		2EB4FAC21D08D8B800D43351 /* Sprite */ = {
			isa = PBXGroup;
			children = (
				2EB4FAC71D08D98100D43351 /* DKGSprite.swift */,
				2EB4FAC31D08D8FC00D43351 /* DKGSpriteSheet.swift */,
			);
			name = Sprite;
			sourceTree = "<group>";
		};
		2EF0A9B41CE68FFB0037DFAE /* Shared */ = {
			isa = PBXGroup;
			children = (
				2EF0A9BD1CE691680037DFAE /* Errors */,
			);
			path = Shared;
			sourceTree = "<group>";
		};
		2EF0A9BD1CE691680037DFAE /* Errors */ = {
			isa = PBXGroup;
			children = (
				2EF0A9BE1CE691920037DFAE /* DKError.swift */,
			);
			path = Errors;
			sourceTree = "<group>";
		};
/* End PBXGroup section */

/* Begin PBXHeadersBuildPhase section */
		2EB4FA891D060AF300D43351 /* Headers */ = {
			isa = PBXHeadersBuildPhase;
			buildActionMask = 2147483647;
			files = (
				2EB4FA8F1D060AF300D43351 /* DrakkenKit_OSX.h in Headers */,
			);
			runOnlyForDeploymentPostprocessing = 0;
		};
		2EB4FA961D060B3100D43351 /* Headers */ = {
			isa = PBXHeadersBuildPhase;
			buildActionMask = 2147483647;
			files = (
				2EB4FA9C1D060B3100D43351 /* DrakkenKit_tvOS.h in Headers */,
			);
			runOnlyForDeploymentPostprocessing = 0;
		};
		2EB4FAA31D060B4200D43351 /* Headers */ = {
			isa = PBXHeadersBuildPhase;
			buildActionMask = 2147483647;
			files = (
				2EB4FAA91D060B4200D43351 /* DrakkenKit_iOS.h in Headers */,
			);
			runOnlyForDeploymentPostprocessing = 0;
		};
/* End PBXHeadersBuildPhase section */

/* Begin PBXNativeTarget section */
		2EB4FA8B1D060AF300D43351 /* DrakkenKit_OSX */ = {
			isa = PBXNativeTarget;
			buildConfigurationList = 2EB4FA931D060AF300D43351 /* Build configuration list for PBXNativeTarget "DrakkenKit_OSX" */;
			buildPhases = (
				2EB4FA871D060AF300D43351 /* Sources */,
				2EB4FA881D060AF300D43351 /* Frameworks */,
				2EB4FA891D060AF300D43351 /* Headers */,
				2EB4FA8A1D060AF300D43351 /* Resources */,
			);
			buildRules = (
			);
			dependencies = (
			);
			name = DrakkenKit_OSX;
			productName = DKGame_OSX;
			productReference = 2EB4FA8C1D060AF300D43351 /* DrakkenKit.framework */;
			productType = "com.apple.product-type.framework";
		};
		2EB4FA981D060B3100D43351 /* DrakkenKit_tvOS */ = {
			isa = PBXNativeTarget;
			buildConfigurationList = 2EB4FA9E1D060B3100D43351 /* Build configuration list for PBXNativeTarget "DrakkenKit_tvOS" */;
			buildPhases = (
				2EB4FA941D060B3100D43351 /* Sources */,
				2EB4FA951D060B3100D43351 /* Frameworks */,
				2EB4FA961D060B3100D43351 /* Headers */,
				2EB4FA971D060B3100D43351 /* Resources */,
			);
			buildRules = (
			);
			dependencies = (
			);
			name = DrakkenKit_tvOS;
			productName = DKGame_tvOS;
			productReference = 2EB4FA991D060B3100D43351 /* DrakkenKit.framework */;
			productType = "com.apple.product-type.framework";
		};
		2EB4FAA51D060B4200D43351 /* DrakkenKit_iOS */ = {
			isa = PBXNativeTarget;
			buildConfigurationList = 2EB4FAAB1D060B4200D43351 /* Build configuration list for PBXNativeTarget "DrakkenKit_iOS" */;
			buildPhases = (
				2EB4FAA11D060B4200D43351 /* Sources */,
				2EB4FAA21D060B4200D43351 /* Frameworks */,
				2EB4FAA31D060B4200D43351 /* Headers */,
				2EB4FAA41D060B4200D43351 /* Resources */,
			);
			buildRules = (
			);
			dependencies = (
			);
			name = DrakkenKit_iOS;
			productName = DKGame_iOS;
			productReference = 2EB4FAA61D060B4200D43351 /* DrakkenKit.framework */;
			productType = "com.apple.product-type.framework";
		};
/* End PBXNativeTarget section */

/* Begin PBXProject section */
		2E95F9DE1CE3C47500D52B72 /* Project object */ = {
			isa = PBXProject;
			attributes = {
				LastSwiftUpdateCheck = 0730;
				LastUpgradeCheck = 0730;
				ORGANIZATIONNAME = "Allison Lindner";
				TargetAttributes = {
					2EB4FA8B1D060AF300D43351 = {
						CreatedOnToolsVersion = 7.3.1;
					};
					2EB4FA981D060B3100D43351 = {
						CreatedOnToolsVersion = 7.3.1;
						DevelopmentTeam = 62TU375XJE;
					};
					2EB4FAA51D060B4200D43351 = {
						CreatedOnToolsVersion = 7.3.1;
						DevelopmentTeam = 62TU375XJE;
					};
				};
			};
			buildConfigurationList = 2E95F9E11CE3C47500D52B72 /* Build configuration list for PBXProject "DrakkenEngine" */;
			compatibilityVersion = "Xcode 3.2";
			developmentRegion = English;
			hasScannedForEncodings = 0;
			knownRegions = (
				en,
				Base,
			);
			mainGroup = 2E95F9DD1CE3C47500D52B72;
			productRefGroup = 2E95F9E81CE3C47500D52B72 /* Products */;
			projectDirPath = "";
			projectRoot = "";
			targets = (
				2EB4FA8B1D060AF300D43351 /* DrakkenKit_OSX */,
				2EB4FA981D060B3100D43351 /* DrakkenKit_tvOS */,
				2EB4FAA51D060B4200D43351 /* DrakkenKit_iOS */,
			);
		};
/* End PBXProject section */

/* Begin PBXResourcesBuildPhase section */
		2EB4FA8A1D060AF300D43351 /* Resources */ = {
			isa = PBXResourcesBuildPhase;
			buildActionMask = 2147483647;
			files = (
			);
			runOnlyForDeploymentPostprocessing = 0;
		};
		2EB4FA971D060B3100D43351 /* Resources */ = {
			isa = PBXResourcesBuildPhase;
			buildActionMask = 2147483647;
			files = (
			);
			runOnlyForDeploymentPostprocessing = 0;
		};
		2EB4FAA41D060B4200D43351 /* Resources */ = {
			isa = PBXResourcesBuildPhase;
			buildActionMask = 2147483647;
			files = (
			);
			runOnlyForDeploymentPostprocessing = 0;
		};
/* End PBXResourcesBuildPhase section */

/* Begin PBXSourcesBuildPhase section */
		2EB4FA871D060AF300D43351 /* Sources */ = {
			isa = PBXSourcesBuildPhase;
			buildActionMask = 2147483647;
			files = (
				2E86E5901D0DDF2500F90DFA /* DKGame.swift in Sources */,
				2E2449951D0FAE5800CC9BFF /* DKRGameView.swift in Sources */,
				2EB4FAC81D08D98100D43351 /* DKGSprite.swift in Sources */,
				2E0163261D0C825A00012793 /* DKGActorBuilder.swift in Sources */,
				2E2449A11D0FAE5800CC9BFF /* DKRTransformManager.swift in Sources */,
				2E24499E1D0FAE5800CC9BFF /* DKRRenderer.swift in Sources */,
				2E2449991D0FAE5800CC9BFF /* DKRSceneBuilder.swift in Sources */,
				2E2449931D0FAE5800CC9BFF /* DKRDrawableInstance.swift in Sources */,
				2E0163371D0C924000012793 /* DKGComponentManager.swift in Sources */,
				2E0163211D0C815200012793 /* DKGScene.swift in Sources */,
				2E01632A1D0C828200012793 /* DKGSceneBuilder.swift in Sources */,
				2E2449A41D0FAE5800CC9BFF /* DKRTexture.swift in Sources */,
				2E01632F1D0C837600012793 /* DKGSceneManager.swift in Sources */,
				2E24499D1D0FAE5800CC9BFF /* DKRCore.swift in Sources */,
				2E2449A21D0FAE5800CC9BFF /* DKRBuffers.swift in Sources */,
				2EB4FAB71D077BC000D43351 /* DKGComponent.swift in Sources */,
				2E2449831D0FAE2B00CC9BFF /* DKError.swift in Sources */,
				2E2449A01D0FAE5800CC9BFF /* DKRTransform.swift in Sources */,
				2E2449891D0FAE3A00CC9BFF /* DKRShader.swift in Sources */,
				2E2449961D0FAE5800CC9BFF /* DKRCamera.swift in Sources */,
				2E0163331D0C8EE300012793 /* DKGGameManager.swift in Sources */,
				2EB4FAC41D08D8FC00D43351 /* DKGSpriteSheet.swift in Sources */,
				2E24499B1D0FAE5800CC9BFF /* DKRGraphRenderer.swift in Sources */,
				2E24498C1D0FAE3D00CC9BFF /* DKRMaterial.swift in Sources */,
				2EB4FABB1D07800900D43351 /* DKGActor.swift in Sources */,
				2E2449861D0FAE2E00CC9BFF /* DKMMath.swift in Sources */,
				2E2449A61D0FAE5800CC9BFF /* DKRTextureInstance.swift in Sources */,
				2E24499C1D0FAE5800CC9BFF /* DKRSimpleRenderer.swift in Sources */,
				2E24499A1D0FAE5800CC9BFF /* DKRSceneGraph.swift in Sources */,
				2E2449981D0FAE5800CC9BFF /* DKRSceneManager.swift in Sources */,
				2E2449911D0FAE5800CC9BFF /* DKRSpriteMaterial.metal in Sources */,
				2E2449901D0FAE5800CC9BFF /* DKRSpriteMaterial.swift in Sources */,
				2E2449941D0FAE5800CC9BFF /* DKRQuad.swift in Sources */,
				2E2449971D0FAE5800CC9BFF /* DKRScene.swift in Sources */,
				2E24499F1D0FAE5800CC9BFF /* DKRRendererFactory.swift in Sources */,
				2E2449A31D0FAE5800CC9BFF /* DKRBufferManager.swift in Sources */,
				2E24498F1D0FAE5800CC9BFF /* SharedUniforms.swift in Sources */,
				2EB4FABF1D07803400D43351 /* DKGBehavior.swift in Sources */,
				2E2449921D0FAE5800CC9BFF /* DKRDrawable.swift in Sources */,
				2E2449A51D0FAE5800CC9BFF /* DKRTextureManager.swift in Sources */,
			);
			runOnlyForDeploymentPostprocessing = 0;
		};
		2EB4FA941D060B3100D43351 /* Sources */ = {
			isa = PBXSourcesBuildPhase;
			buildActionMask = 2147483647;
			files = (
				2E86E5911D0DDF2500F90DFA /* DKGame.swift in Sources */,
				2E2449AD1D0FAE5800CC9BFF /* DKRGameView.swift in Sources */,
				2EB4FAC91D08D98100D43351 /* DKGSprite.swift in Sources */,
				2E0163271D0C825A00012793 /* DKGActorBuilder.swift in Sources */,
				2E2449B91D0FAE5800CC9BFF /* DKRTransformManager.swift in Sources */,
				2E2449B61D0FAE5800CC9BFF /* DKRRenderer.swift in Sources */,
				2E2449B11D0FAE5800CC9BFF /* DKRSceneBuilder.swift in Sources */,
				2E2449AB1D0FAE5800CC9BFF /* DKRDrawableInstance.swift in Sources */,
				2E0163381D0C924000012793 /* DKGComponentManager.swift in Sources */,
				2E0163221D0C815200012793 /* DKGScene.swift in Sources */,
				2E01632B1D0C828200012793 /* DKGSceneBuilder.swift in Sources */,
				2E2449BC1D0FAE5800CC9BFF /* DKRTexture.swift in Sources */,
				2E0163301D0C837600012793 /* DKGSceneManager.swift in Sources */,
				2E2449B51D0FAE5800CC9BFF /* DKRCore.swift in Sources */,
				2E2449BA1D0FAE5800CC9BFF /* DKRBuffers.swift in Sources */,
				2EB4FAB81D077BC000D43351 /* DKGComponent.swift in Sources */,
				2E2449841D0FAE2B00CC9BFF /* DKError.swift in Sources */,
				2E2449B81D0FAE5800CC9BFF /* DKRTransform.swift in Sources */,
				2E24498A1D0FAE3A00CC9BFF /* DKRShader.swift in Sources */,
				2E2449AE1D0FAE5800CC9BFF /* DKRCamera.swift in Sources */,
				2E0163341D0C8EE300012793 /* DKGGameManager.swift in Sources */,
				2EB4FAC51D08D8FC00D43351 /* DKGSpriteSheet.swift in Sources */,
				2E2449B31D0FAE5800CC9BFF /* DKRGraphRenderer.swift in Sources */,
				2E24498D1D0FAE3E00CC9BFF /* DKRMaterial.swift in Sources */,
				2EB4FABC1D07800900D43351 /* DKGActor.swift in Sources */,
				2E2449871D0FAE2F00CC9BFF /* DKMMath.swift in Sources */,
				2E2449BE1D0FAE5800CC9BFF /* DKRTextureInstance.swift in Sources */,
				2E2449B41D0FAE5800CC9BFF /* DKRSimpleRenderer.swift in Sources */,
				2E2449B21D0FAE5800CC9BFF /* DKRSceneGraph.swift in Sources */,
				2E2449B01D0FAE5800CC9BFF /* DKRSceneManager.swift in Sources */,
				2E2449A91D0FAE5800CC9BFF /* DKRSpriteMaterial.metal in Sources */,
				2E2449A81D0FAE5800CC9BFF /* DKRSpriteMaterial.swift in Sources */,
				2E2449AC1D0FAE5800CC9BFF /* DKRQuad.swift in Sources */,
				2E2449AF1D0FAE5800CC9BFF /* DKRScene.swift in Sources */,
				2E2449B71D0FAE5800CC9BFF /* DKRRendererFactory.swift in Sources */,
				2E2449BB1D0FAE5800CC9BFF /* DKRBufferManager.swift in Sources */,
				2E2449A71D0FAE5800CC9BFF /* SharedUniforms.swift in Sources */,
				2EB4FAC01D07803400D43351 /* DKGBehavior.swift in Sources */,
				2E2449AA1D0FAE5800CC9BFF /* DKRDrawable.swift in Sources */,
				2E2449BD1D0FAE5800CC9BFF /* DKRTextureManager.swift in Sources */,
			);
			runOnlyForDeploymentPostprocessing = 0;
		};
		2EB4FAA11D060B4200D43351 /* Sources */ = {
			isa = PBXSourcesBuildPhase;
			buildActionMask = 2147483647;
			files = (
				2E86E5921D0DDF2500F90DFA /* DKGame.swift in Sources */,
				2E2449C51D0FAE5900CC9BFF /* DKRGameView.swift in Sources */,
				2EB4FACA1D08D98100D43351 /* DKGSprite.swift in Sources */,
				2E0163281D0C825A00012793 /* DKGActorBuilder.swift in Sources */,
				2E2449D11D0FAE5900CC9BFF /* DKRTransformManager.swift in Sources */,
				2E2449CE1D0FAE5900CC9BFF /* DKRRenderer.swift in Sources */,
				2E2449C91D0FAE5900CC9BFF /* DKRSceneBuilder.swift in Sources */,
				2E2449C31D0FAE5900CC9BFF /* DKRDrawableInstance.swift in Sources */,
				2E0163391D0C924000012793 /* DKGComponentManager.swift in Sources */,
				2E0163231D0C815200012793 /* DKGScene.swift in Sources */,
				2E01632C1D0C828200012793 /* DKGSceneBuilder.swift in Sources */,
				2E2449D41D0FAE5900CC9BFF /* DKRTexture.swift in Sources */,
				2E0163311D0C837600012793 /* DKGSceneManager.swift in Sources */,
				2E2449CD1D0FAE5900CC9BFF /* DKRCore.swift in Sources */,
				2E2449D21D0FAE5900CC9BFF /* DKRBuffers.swift in Sources */,
				2EB4FAB91D077BC000D43351 /* DKGComponent.swift in Sources */,
				2E2449851D0FAE2C00CC9BFF /* DKError.swift in Sources */,
				2E2449D01D0FAE5900CC9BFF /* DKRTransform.swift in Sources */,
				2E24498B1D0FAE3B00CC9BFF /* DKRShader.swift in Sources */,
				2E2449C61D0FAE5900CC9BFF /* DKRCamera.swift in Sources */,
				2E0163351D0C8EE300012793 /* DKGGameManager.swift in Sources */,
				2EB4FAC61D08D8FC00D43351 /* DKGSpriteSheet.swift in Sources */,
				2E2449CB1D0FAE5900CC9BFF /* DKRGraphRenderer.swift in Sources */,
				2E24498E1D0FAE3F00CC9BFF /* DKRMaterial.swift in Sources */,
				2EB4FABD1D07800900D43351 /* DKGActor.swift in Sources */,
				2E2449881D0FAE3000CC9BFF /* DKMMath.swift in Sources */,
				2E2449D61D0FAE5900CC9BFF /* DKRTextureInstance.swift in Sources */,
				2E2449CC1D0FAE5900CC9BFF /* DKRSimpleRenderer.swift in Sources */,
				2E2449CA1D0FAE5900CC9BFF /* DKRSceneGraph.swift in Sources */,
				2E2449C81D0FAE5900CC9BFF /* DKRSceneManager.swift in Sources */,
				2E2449C11D0FAE5900CC9BFF /* DKRSpriteMaterial.metal in Sources */,
				2E2449C01D0FAE5900CC9BFF /* DKRSpriteMaterial.swift in Sources */,
				2E2449C41D0FAE5900CC9BFF /* DKRQuad.swift in Sources */,
				2E2449C71D0FAE5900CC9BFF /* DKRScene.swift in Sources */,
				2E2449CF1D0FAE5900CC9BFF /* DKRRendererFactory.swift in Sources */,
				2E2449D31D0FAE5900CC9BFF /* DKRBufferManager.swift in Sources */,
				2E2449BF1D0FAE5900CC9BFF /* SharedUniforms.swift in Sources */,
				2EB4FAC11D07803400D43351 /* DKGBehavior.swift in Sources */,
				2E2449C21D0FAE5900CC9BFF /* DKRDrawable.swift in Sources */,
				2E2449D51D0FAE5900CC9BFF /* DKRTextureManager.swift in Sources */,
			);
			runOnlyForDeploymentPostprocessing = 0;
		};
/* End PBXSourcesBuildPhase section */

/* Begin XCBuildConfiguration section */
		2E95F9ED1CE3C47500D52B72 /* Debug */ = {
			isa = XCBuildConfiguration;
			buildSettings = {
				ALWAYS_SEARCH_USER_PATHS = NO;
				CLANG_ANALYZER_NONNULL = YES;
				CLANG_CXX_LANGUAGE_STANDARD = "gnu++0x";
				CLANG_CXX_LIBRARY = "libc++";
				CLANG_ENABLE_MODULES = YES;
				CLANG_ENABLE_OBJC_ARC = YES;
				CLANG_WARN_BOOL_CONVERSION = YES;
				CLANG_WARN_CONSTANT_CONVERSION = YES;
				CLANG_WARN_DIRECT_OBJC_ISA_USAGE = YES_ERROR;
				CLANG_WARN_EMPTY_BODY = YES;
				CLANG_WARN_ENUM_CONVERSION = YES;
				CLANG_WARN_INT_CONVERSION = YES;
				CLANG_WARN_OBJC_ROOT_CLASS = YES_ERROR;
				CLANG_WARN_UNREACHABLE_CODE = YES;
				CLANG_WARN__DUPLICATE_METHOD_MATCH = YES;
				CODE_SIGN_IDENTITY = "-";
				COPY_PHASE_STRIP = NO;
				CURRENT_PROJECT_VERSION = 1;
				DEBUG_INFORMATION_FORMAT = dwarf;
				ENABLE_STRICT_OBJC_MSGSEND = YES;
				ENABLE_TESTABILITY = YES;
				GCC_C_LANGUAGE_STANDARD = gnu99;
				GCC_DYNAMIC_NO_PIC = NO;
				GCC_NO_COMMON_BLOCKS = YES;
				GCC_OPTIMIZATION_LEVEL = 0;
				GCC_PREPROCESSOR_DEFINITIONS = (
					"DEBUG=1",
					"$(inherited)",
				);
				GCC_WARN_64_TO_32_BIT_CONVERSION = YES;
				GCC_WARN_ABOUT_RETURN_TYPE = YES_ERROR;
				GCC_WARN_UNDECLARED_SELECTOR = YES;
				GCC_WARN_UNINITIALIZED_AUTOS = YES_AGGRESSIVE;
				GCC_WARN_UNUSED_FUNCTION = YES;
				GCC_WARN_UNUSED_VARIABLE = YES;
				MACOSX_DEPLOYMENT_TARGET = 10.11;
				MTL_ENABLE_DEBUG_INFO = YES;
				ONLY_ACTIVE_ARCH = YES;
				SDKROOT = macosx;
				SWIFT_OPTIMIZATION_LEVEL = "-Onone";
				VERSIONING_SYSTEM = "apple-generic";
				VERSION_INFO_PREFIX = "";
			};
			name = Debug;
		};
		2E95F9EE1CE3C47500D52B72 /* Release */ = {
			isa = XCBuildConfiguration;
			buildSettings = {
				ALWAYS_SEARCH_USER_PATHS = NO;
				CLANG_ANALYZER_NONNULL = YES;
				CLANG_CXX_LANGUAGE_STANDARD = "gnu++0x";
				CLANG_CXX_LIBRARY = "libc++";
				CLANG_ENABLE_MODULES = YES;
				CLANG_ENABLE_OBJC_ARC = YES;
				CLANG_WARN_BOOL_CONVERSION = YES;
				CLANG_WARN_CONSTANT_CONVERSION = YES;
				CLANG_WARN_DIRECT_OBJC_ISA_USAGE = YES_ERROR;
				CLANG_WARN_EMPTY_BODY = YES;
				CLANG_WARN_ENUM_CONVERSION = YES;
				CLANG_WARN_INT_CONVERSION = YES;
				CLANG_WARN_OBJC_ROOT_CLASS = YES_ERROR;
				CLANG_WARN_UNREACHABLE_CODE = YES;
				CLANG_WARN__DUPLICATE_METHOD_MATCH = YES;
				CODE_SIGN_IDENTITY = "-";
				COPY_PHASE_STRIP = NO;
				CURRENT_PROJECT_VERSION = 1;
				DEBUG_INFORMATION_FORMAT = "dwarf-with-dsym";
				ENABLE_NS_ASSERTIONS = NO;
				ENABLE_STRICT_OBJC_MSGSEND = YES;
				GCC_C_LANGUAGE_STANDARD = gnu99;
				GCC_NO_COMMON_BLOCKS = YES;
				GCC_WARN_64_TO_32_BIT_CONVERSION = YES;
				GCC_WARN_ABOUT_RETURN_TYPE = YES_ERROR;
				GCC_WARN_UNDECLARED_SELECTOR = YES;
				GCC_WARN_UNINITIALIZED_AUTOS = YES_AGGRESSIVE;
				GCC_WARN_UNUSED_FUNCTION = YES;
				GCC_WARN_UNUSED_VARIABLE = YES;
				MACOSX_DEPLOYMENT_TARGET = 10.11;
				MTL_ENABLE_DEBUG_INFO = NO;
				SDKROOT = macosx;
				VERSIONING_SYSTEM = "apple-generic";
				VERSION_INFO_PREFIX = "";
			};
			name = Release;
		};
		2EB4FA911D060AF300D43351 /* Debug */ = {
			isa = XCBuildConfiguration;
			buildSettings = {
				CLANG_ENABLE_MODULES = YES;
				COMBINE_HIDPI_IMAGES = YES;
				DEFINES_MODULE = YES;
				DYLIB_COMPATIBILITY_VERSION = 1;
				DYLIB_CURRENT_VERSION = 1;
				DYLIB_INSTALL_NAME_BASE = "@rpath";
				FRAMEWORK_VERSION = A;
				INFOPLIST_FILE = DrakkenKit_OSX/Info.plist;
				INSTALL_PATH = "$(LOCAL_LIBRARY_DIR)/Frameworks";
				LD_RUNPATH_SEARCH_PATHS = "$(inherited) @executable_path/../Frameworks @loader_path/Frameworks";
				PRODUCT_BUNDLE_IDENTIFIER = drakken.DrakkenKit;
				PRODUCT_NAME = DrakkenKit;
				SCAN_ALL_SOURCE_FILES_FOR_INCLUDES = NO;
				SKIP_INSTALL = YES;
				SWIFT_OPTIMIZATION_LEVEL = "-Onone";
			};
			name = Debug;
		};
		2EB4FA921D060AF300D43351 /* Release */ = {
			isa = XCBuildConfiguration;
			buildSettings = {
				CLANG_ENABLE_MODULES = YES;
				COMBINE_HIDPI_IMAGES = YES;
				DEFINES_MODULE = YES;
				DYLIB_COMPATIBILITY_VERSION = 1;
				DYLIB_CURRENT_VERSION = 1;
				DYLIB_INSTALL_NAME_BASE = "@rpath";
				FRAMEWORK_VERSION = A;
				INFOPLIST_FILE = DrakkenKit_OSX/Info.plist;
				INSTALL_PATH = "$(LOCAL_LIBRARY_DIR)/Frameworks";
				LD_RUNPATH_SEARCH_PATHS = "$(inherited) @executable_path/../Frameworks @loader_path/Frameworks";
				PRODUCT_BUNDLE_IDENTIFIER = drakken.DrakkenKit;
				PRODUCT_NAME = DrakkenKit;
				SCAN_ALL_SOURCE_FILES_FOR_INCLUDES = NO;
				SKIP_INSTALL = YES;
			};
			name = Release;
		};
		2EB4FA9F1D060B3100D43351 /* Debug */ = {
			isa = XCBuildConfiguration;
			buildSettings = {
				CLANG_ENABLE_MODULES = YES;
				CODE_SIGN_IDENTITY = "iPhone Developer";
				DEFINES_MODULE = YES;
				DYLIB_COMPATIBILITY_VERSION = 1;
				DYLIB_CURRENT_VERSION = 1;
				DYLIB_INSTALL_NAME_BASE = "@rpath";
				INFOPLIST_FILE = DrakkenKit_tvOS/Info.plist;
				INSTALL_PATH = "$(LOCAL_LIBRARY_DIR)/Frameworks";
				LD_RUNPATH_SEARCH_PATHS = "$(inherited) @executable_path/Frameworks @loader_path/Frameworks";
				PRODUCT_BUNDLE_IDENTIFIER = drakken.DrakkenKit;
				PRODUCT_NAME = DrakkenKit;
				SCAN_ALL_SOURCE_FILES_FOR_INCLUDES = NO;
				SDKROOT = appletvos;
				SKIP_INSTALL = YES;
				SWIFT_OPTIMIZATION_LEVEL = "-Onone";
				TARGETED_DEVICE_FAMILY = 3;
				TVOS_DEPLOYMENT_TARGET = 9.2;
			};
			name = Debug;
		};
		2EB4FAA01D060B3100D43351 /* Release */ = {
			isa = XCBuildConfiguration;
			buildSettings = {
				CLANG_ENABLE_MODULES = YES;
				CODE_SIGN_IDENTITY = "iPhone Developer";
				DEFINES_MODULE = YES;
				DYLIB_COMPATIBILITY_VERSION = 1;
				DYLIB_CURRENT_VERSION = 1;
				DYLIB_INSTALL_NAME_BASE = "@rpath";
				INFOPLIST_FILE = DrakkenKit_tvOS/Info.plist;
				INSTALL_PATH = "$(LOCAL_LIBRARY_DIR)/Frameworks";
				LD_RUNPATH_SEARCH_PATHS = "$(inherited) @executable_path/Frameworks @loader_path/Frameworks";
				PRODUCT_BUNDLE_IDENTIFIER = drakken.DrakkenKit;
				PRODUCT_NAME = DrakkenKit;
				SCAN_ALL_SOURCE_FILES_FOR_INCLUDES = NO;
				SDKROOT = appletvos;
				SKIP_INSTALL = YES;
				TARGETED_DEVICE_FAMILY = 3;
				TVOS_DEPLOYMENT_TARGET = 9.2;
				VALIDATE_PRODUCT = YES;
			};
			name = Release;
		};
		2EB4FAAC1D060B4200D43351 /* Debug */ = {
			isa = XCBuildConfiguration;
			buildSettings = {
				CLANG_ENABLE_MODULES = YES;
				CODE_SIGN_IDENTITY = "iPhone Developer";
				"CODE_SIGN_IDENTITY[sdk=iphoneos*]" = "iPhone Developer";
				DEFINES_MODULE = YES;
				DYLIB_COMPATIBILITY_VERSION = 1;
				DYLIB_CURRENT_VERSION = 1;
				DYLIB_INSTALL_NAME_BASE = "@rpath";
				INFOPLIST_FILE = DrakkenKit_iOS/Info.plist;
				INSTALL_PATH = "$(LOCAL_LIBRARY_DIR)/Frameworks";
				IPHONEOS_DEPLOYMENT_TARGET = 9.3;
				LD_RUNPATH_SEARCH_PATHS = "$(inherited) @executable_path/Frameworks @loader_path/Frameworks";
				PRODUCT_BUNDLE_IDENTIFIER = drakken.DrakkenKit;
				PRODUCT_NAME = DrakkenKit;
				SCAN_ALL_SOURCE_FILES_FOR_INCLUDES = NO;
				SDKROOT = iphoneos;
				SKIP_INSTALL = YES;
				SWIFT_OPTIMIZATION_LEVEL = "-Onone";
				TARGETED_DEVICE_FAMILY = "1,2";
			};
			name = Debug;
		};
		2EB4FAAD1D060B4200D43351 /* Release */ = {
			isa = XCBuildConfiguration;
			buildSettings = {
				CLANG_ENABLE_MODULES = YES;
				CODE_SIGN_IDENTITY = "iPhone Developer";
				"CODE_SIGN_IDENTITY[sdk=iphoneos*]" = "iPhone Developer";
				DEFINES_MODULE = YES;
				DYLIB_COMPATIBILITY_VERSION = 1;
				DYLIB_CURRENT_VERSION = 1;
				DYLIB_INSTALL_NAME_BASE = "@rpath";
				INFOPLIST_FILE = DrakkenKit_iOS/Info.plist;
				INSTALL_PATH = "$(LOCAL_LIBRARY_DIR)/Frameworks";
				IPHONEOS_DEPLOYMENT_TARGET = 9.3;
				LD_RUNPATH_SEARCH_PATHS = "$(inherited) @executable_path/Frameworks @loader_path/Frameworks";
				PRODUCT_BUNDLE_IDENTIFIER = drakken.DrakkenKit;
				PRODUCT_NAME = DrakkenKit;
				SCAN_ALL_SOURCE_FILES_FOR_INCLUDES = NO;
				SDKROOT = iphoneos;
				SKIP_INSTALL = YES;
				TARGETED_DEVICE_FAMILY = "1,2";
				VALIDATE_PRODUCT = YES;
			};
			name = Release;
		};
/* End XCBuildConfiguration section */

/* Begin XCConfigurationList section */
		2E95F9E11CE3C47500D52B72 /* Build configuration list for PBXProject "DrakkenEngine" */ = {
			isa = XCConfigurationList;
			buildConfigurations = (
				2E95F9ED1CE3C47500D52B72 /* Debug */,
				2E95F9EE1CE3C47500D52B72 /* Release */,
			);
			defaultConfigurationIsVisible = 0;
			defaultConfigurationName = Debug;
		};
		2EB4FA931D060AF300D43351 /* Build configuration list for PBXNativeTarget "DrakkenKit_OSX" */ = {
			isa = XCConfigurationList;
			buildConfigurations = (
				2EB4FA911D060AF300D43351 /* Debug */,
				2EB4FA921D060AF300D43351 /* Release */,
			);
			defaultConfigurationIsVisible = 0;
			defaultConfigurationName = Debug;
		};
		2EB4FA9E1D060B3100D43351 /* Build configuration list for PBXNativeTarget "DrakkenKit_tvOS" */ = {
			isa = XCConfigurationList;
			buildConfigurations = (
				2EB4FA9F1D060B3100D43351 /* Debug */,
				2EB4FAA01D060B3100D43351 /* Release */,
			);
			defaultConfigurationIsVisible = 0;
			defaultConfigurationName = Debug;
		};
		2EB4FAAB1D060B4200D43351 /* Build configuration list for PBXNativeTarget "DrakkenKit_iOS" */ = {
			isa = XCConfigurationList;
			buildConfigurations = (
				2EB4FAAC1D060B4200D43351 /* Debug */,
				2EB4FAAD1D060B4200D43351 /* Release */,
			);
			defaultConfigurationIsVisible = 0;
			defaultConfigurationName = Debug;
		};
/* End XCConfigurationList section */
	};
	rootObject = 2E95F9DE1CE3C47500D52B72 /* Project object */;
}
